
Microsoft Visual Studio Solution File, Format Version 12.00
# Visual Studio 15
VisualStudioVersion = 15.0.27004.2008
MinimumVisualStudioVersion = 10.0.40219.1
Project("{D954291E-2A0B-460D-934E-DC6B0785DB48}") = "CarparkTracker", "CarparkTracker\CarparkTracker\CarparkTracker.shproj", "{8E37AD9C-612E-43AA-A10E-B94DA01A7A33}"
EndProject
Project("{FAE04EC0-301F-11D3-BF4B-00C04F79EFBC}") = "CarparkTracker.Android", "CarparkTracker\CarparkTracker.Android\CarparkTracker.Android.csproj", "{962E4FCF-5FE6-4756-B555-3ABE26CEE101}"
EndProject
Project("{FAE04EC0-301F-11D3-BF4B-00C04F79EFBC}") = "CarparkTracker.iOS", "CarparkTracker\CarparkTracker.iOS\CarparkTracker.iOS.csproj", "{8DDC0ED0-B7DA-4F6E-9F5A-C326E8E2C151}"
EndProject
Project("{FAE04EC0-301F-11D3-BF4B-00C04F79EFBC}") = "CarparkTracker.Common.Containers", "CarparkTracker.Common.Containers\CarparkTracker.Common.Containers.csproj", "{599D8482-C2DA-46D0-BCD8-18659887DFF3}"
EndProject
Project("{FAE04EC0-301F-11D3-BF4B-00C04F79EFBC}") = "CarparkTracker.Business.Bootstrapper", "CarparkTracker.Business.Bootstrapper\CarparkTracker.Business.Bootstrapper.csproj", "{740C80B7-F5B5-430D-90D4-B7935BDEDEA2}"
EndProject
Project("{FAE04EC0-301F-11D3-BF4B-00C04F79EFBC}") = "CarparkTracker.Business.Handlers", "CarparkTracker.Business.Handlers\CarparkTracker.Business.Handlers.csproj", "{695630CE-F28E-42CA-A1CE-372062850EE3}"
EndProject
Project("{FAE04EC0-301F-11D3-BF4B-00C04F79EFBC}") = "CarparkTracker.Business.Handlers.Contracts", "CarparkTracker.Business.Handlers.Contracts\CarparkTracker.Business.Handlers.Contracts.csproj", "{F49159DE-285F-4553-BD4B-87BD8B6CEC43}"
EndProject
Project("{FAE04EC0-301F-11D3-BF4B-00C04F79EFBC}") = "CarparkTracker.Business.Entities", "CarparkTracker.Business.Entities\CarparkTracker.Business.Entities.csproj", "{93737707-0182-493A-8870-15AD693AB496}"
EndProject
Project("{FAE04EC0-301F-11D3-BF4B-00C04F79EFBC}") = "CarparkTracker.Tests", "CarparkTracker.Tests\CarparkTracker.Tests.csproj", "{AED62D92-569A-4F39-8EB1-3C44537E75BF}"
EndProject
Global
	GlobalSection(SharedMSBuildProjectFiles) = preSolution
		CarparkTracker\CarparkTracker\CarparkTracker.projitems*{8ddc0ed0-b7da-4f6e-9f5a-c326e8e2c151}*SharedItemsImports = 4
		CarparkTracker\CarparkTracker\CarparkTracker.projitems*{8e37ad9c-612e-43aa-a10e-b94da01a7a33}*SharedItemsImports = 13
		CarparkTracker\CarparkTracker\CarparkTracker.projitems*{962e4fcf-5fe6-4756-b555-3abe26cee101}*SharedItemsImports = 4
	EndGlobalSection
	GlobalSection(SolutionConfigurationPlatforms) = preSolution
		Ad-Hoc|Any CPU = Ad-Hoc|Any CPU
		Ad-Hoc|ARM = Ad-Hoc|ARM
		Ad-Hoc|iPhone = Ad-Hoc|iPhone
		Ad-Hoc|iPhoneSimulator = Ad-Hoc|iPhoneSimulator
		Ad-Hoc|x64 = Ad-Hoc|x64
		Ad-Hoc|x86 = Ad-Hoc|x86
		AppStore|Any CPU = AppStore|Any CPU
		AppStore|ARM = AppStore|ARM
		AppStore|iPhone = AppStore|iPhone
		AppStore|iPhoneSimulator = AppStore|iPhoneSimulator
		AppStore|x64 = AppStore|x64
		AppStore|x86 = AppStore|x86
		Debug|Any CPU = Debug|Any CPU
		Debug|ARM = Debug|ARM
		Debug|iPhone = Debug|iPhone
		Debug|iPhoneSimulator = Debug|iPhoneSimulator
		Debug|x64 = Debug|x64
		Debug|x86 = Debug|x86
		Release|Any CPU = Release|Any CPU
		Release|ARM = Release|ARM
		Release|iPhone = Release|iPhone
		Release|iPhoneSimulator = Release|iPhoneSimulator
		Release|x64 = Release|x64
		Release|x86 = Release|x86
	EndGlobalSection
	GlobalSection(ProjectConfigurationPlatforms) = postSolution
		{962E4FCF-5FE6-4756-B555-3ABE26CEE101}.Ad-Hoc|Any CPU.ActiveCfg = Release|Any CPU
		{962E4FCF-5FE6-4756-B555-3ABE26CEE101}.Ad-Hoc|Any CPU.Build.0 = Release|Any CPU
		{962E4FCF-5FE6-4756-B555-3ABE26CEE101}.Ad-Hoc|Any CPU.Deploy.0 = Release|Any CPU
		{962E4FCF-5FE6-4756-B555-3ABE26CEE101}.Ad-Hoc|ARM.ActiveCfg = Release|Any CPU
		{962E4FCF-5FE6-4756-B555-3ABE26CEE101}.Ad-Hoc|ARM.Build.0 = Release|Any CPU
		{962E4FCF-5FE6-4756-B555-3ABE26CEE101}.Ad-Hoc|ARM.Deploy.0 = Release|Any CPU
		{962E4FCF-5FE6-4756-B555-3ABE26CEE101}.Ad-Hoc|iPhone.ActiveCfg = Release|Any CPU
		{962E4FCF-5FE6-4756-B555-3ABE26CEE101}.Ad-Hoc|iPhone.Build.0 = Release|Any CPU
		{962E4FCF-5FE6-4756-B555-3ABE26CEE101}.Ad-Hoc|iPhone.Deploy.0 = Release|Any CPU
		{962E4FCF-5FE6-4756-B555-3ABE26CEE101}.Ad-Hoc|iPhoneSimulator.ActiveCfg = Release|Any CPU
		{962E4FCF-5FE6-4756-B555-3ABE26CEE101}.Ad-Hoc|iPhoneSimulator.Build.0 = Release|Any CPU
		{962E4FCF-5FE6-4756-B555-3ABE26CEE101}.Ad-Hoc|iPhoneSimulator.Deploy.0 = Release|Any CPU
		{962E4FCF-5FE6-4756-B555-3ABE26CEE101}.Ad-Hoc|x64.ActiveCfg = Release|Any CPU
		{962E4FCF-5FE6-4756-B555-3ABE26CEE101}.Ad-Hoc|x64.Build.0 = Release|Any CPU
		{962E4FCF-5FE6-4756-B555-3ABE26CEE101}.Ad-Hoc|x64.Deploy.0 = Release|Any CPU
		{962E4FCF-5FE6-4756-B555-3ABE26CEE101}.Ad-Hoc|x86.ActiveCfg = Release|Any CPU
		{962E4FCF-5FE6-4756-B555-3ABE26CEE101}.Ad-Hoc|x86.Build.0 = Release|Any CPU
		{962E4FCF-5FE6-4756-B555-3ABE26CEE101}.Ad-Hoc|x86.Deploy.0 = Release|Any CPU
		{962E4FCF-5FE6-4756-B555-3ABE26CEE101}.AppStore|Any CPU.ActiveCfg = Release|Any CPU
		{962E4FCF-5FE6-4756-B555-3ABE26CEE101}.AppStore|Any CPU.Build.0 = Release|Any CPU
		{962E4FCF-5FE6-4756-B555-3ABE26CEE101}.AppStore|Any CPU.Deploy.0 = Release|Any CPU
		{962E4FCF-5FE6-4756-B555-3ABE26CEE101}.AppStore|ARM.ActiveCfg = Release|Any CPU
		{962E4FCF-5FE6-4756-B555-3ABE26CEE101}.AppStore|ARM.Build.0 = Release|Any CPU
		{962E4FCF-5FE6-4756-B555-3ABE26CEE101}.AppStore|ARM.Deploy.0 = Release|Any CPU
		{962E4FCF-5FE6-4756-B555-3ABE26CEE101}.AppStore|iPhone.ActiveCfg = Release|Any CPU
		{962E4FCF-5FE6-4756-B555-3ABE26CEE101}.AppStore|iPhone.Build.0 = Release|Any CPU
		{962E4FCF-5FE6-4756-B555-3ABE26CEE101}.AppStore|iPhone.Deploy.0 = Release|Any CPU
		{962E4FCF-5FE6-4756-B555-3ABE26CEE101}.AppStore|iPhoneSimulator.ActiveCfg = Release|Any CPU
		{962E4FCF-5FE6-4756-B555-3ABE26CEE101}.AppStore|iPhoneSimulator.Build.0 = Release|Any CPU
		{962E4FCF-5FE6-4756-B555-3ABE26CEE101}.AppStore|iPhoneSimulator.Deploy.0 = Release|Any CPU
		{962E4FCF-5FE6-4756-B555-3ABE26CEE101}.AppStore|x64.ActiveCfg = Release|Any CPU
		{962E4FCF-5FE6-4756-B555-3ABE26CEE101}.AppStore|x64.Build.0 = Release|Any CPU
		{962E4FCF-5FE6-4756-B555-3ABE26CEE101}.AppStore|x64.Deploy.0 = Release|Any CPU
		{962E4FCF-5FE6-4756-B555-3ABE26CEE101}.AppStore|x86.ActiveCfg = Release|Any CPU
		{962E4FCF-5FE6-4756-B555-3ABE26CEE101}.AppStore|x86.Build.0 = Release|Any CPU
		{962E4FCF-5FE6-4756-B555-3ABE26CEE101}.AppStore|x86.Deploy.0 = Release|Any CPU
		{962E4FCF-5FE6-4756-B555-3ABE26CEE101}.Debug|Any CPU.ActiveCfg = Debug|Any CPU
		{962E4FCF-5FE6-4756-B555-3ABE26CEE101}.Debug|Any CPU.Build.0 = Debug|Any CPU
		{962E4FCF-5FE6-4756-B555-3ABE26CEE101}.Debug|Any CPU.Deploy.0 = Debug|Any CPU
		{962E4FCF-5FE6-4756-B555-3ABE26CEE101}.Debug|ARM.ActiveCfg = Debug|Any CPU
		{962E4FCF-5FE6-4756-B555-3ABE26CEE101}.Debug|ARM.Build.0 = Debug|Any CPU
		{962E4FCF-5FE6-4756-B555-3ABE26CEE101}.Debug|ARM.Deploy.0 = Debug|Any CPU
		{962E4FCF-5FE6-4756-B555-3ABE26CEE101}.Debug|iPhone.ActiveCfg = Debug|Any CPU
		{962E4FCF-5FE6-4756-B555-3ABE26CEE101}.Debug|iPhone.Build.0 = Debug|Any CPU
		{962E4FCF-5FE6-4756-B555-3ABE26CEE101}.Debug|iPhone.Deploy.0 = Debug|Any CPU
		{962E4FCF-5FE6-4756-B555-3ABE26CEE101}.Debug|iPhoneSimulator.ActiveCfg = Debug|Any CPU
		{962E4FCF-5FE6-4756-B555-3ABE26CEE101}.Debug|iPhoneSimulator.Build.0 = Debug|Any CPU
		{962E4FCF-5FE6-4756-B555-3ABE26CEE101}.Debug|iPhoneSimulator.Deploy.0 = Debug|Any CPU
		{962E4FCF-5FE6-4756-B555-3ABE26CEE101}.Debug|x64.ActiveCfg = Debug|Any CPU
		{962E4FCF-5FE6-4756-B555-3ABE26CEE101}.Debug|x64.Build.0 = Debug|Any CPU
		{962E4FCF-5FE6-4756-B555-3ABE26CEE101}.Debug|x64.Deploy.0 = Debug|Any CPU
		{962E4FCF-5FE6-4756-B555-3ABE26CEE101}.Debug|x86.ActiveCfg = Debug|Any CPU
		{962E4FCF-5FE6-4756-B555-3ABE26CEE101}.Debug|x86.Build.0 = Debug|Any CPU
		{962E4FCF-5FE6-4756-B555-3ABE26CEE101}.Debug|x86.Deploy.0 = Debug|Any CPU
		{962E4FCF-5FE6-4756-B555-3ABE26CEE101}.Release|Any CPU.ActiveCfg = Release|Any CPU
		{962E4FCF-5FE6-4756-B555-3ABE26CEE101}.Release|Any CPU.Build.0 = Release|Any CPU
		{962E4FCF-5FE6-4756-B555-3ABE26CEE101}.Release|Any CPU.Deploy.0 = Release|Any CPU
		{962E4FCF-5FE6-4756-B555-3ABE26CEE101}.Release|ARM.ActiveCfg = Release|Any CPU
		{962E4FCF-5FE6-4756-B555-3ABE26CEE101}.Release|ARM.Build.0 = Release|Any CPU
		{962E4FCF-5FE6-4756-B555-3ABE26CEE101}.Release|ARM.Deploy.0 = Release|Any CPU
		{962E4FCF-5FE6-4756-B555-3ABE26CEE101}.Release|iPhone.ActiveCfg = Release|Any CPU
		{962E4FCF-5FE6-4756-B555-3ABE26CEE101}.Release|iPhone.Build.0 = Release|Any CPU
		{962E4FCF-5FE6-4756-B555-3ABE26CEE101}.Release|iPhone.Deploy.0 = Release|Any CPU
		{962E4FCF-5FE6-4756-B555-3ABE26CEE101}.Release|iPhoneSimulator.ActiveCfg = Release|Any CPU
		{962E4FCF-5FE6-4756-B555-3ABE26CEE101}.Release|iPhoneSimulator.Build.0 = Release|Any CPU
		{962E4FCF-5FE6-4756-B555-3ABE26CEE101}.Release|iPhoneSimulator.Deploy.0 = Release|Any CPU
		{962E4FCF-5FE6-4756-B555-3ABE26CEE101}.Release|x64.ActiveCfg = Release|Any CPU
		{962E4FCF-5FE6-4756-B555-3ABE26CEE101}.Release|x64.Build.0 = Release|Any CPU
		{962E4FCF-5FE6-4756-B555-3ABE26CEE101}.Release|x64.Deploy.0 = Release|Any CPU
		{962E4FCF-5FE6-4756-B555-3ABE26CEE101}.Release|x86.ActiveCfg = Release|Any CPU
		{962E4FCF-5FE6-4756-B555-3ABE26CEE101}.Release|x86.Build.0 = Release|Any CPU
		{962E4FCF-5FE6-4756-B555-3ABE26CEE101}.Release|x86.Deploy.0 = Release|Any CPU
		{8DDC0ED0-B7DA-4F6E-9F5A-C326E8E2C151}.Ad-Hoc|Any CPU.ActiveCfg = Ad-Hoc|iPhoneSimulator
		{8DDC0ED0-B7DA-4F6E-9F5A-C326E8E2C151}.Ad-Hoc|ARM.ActiveCfg = Ad-Hoc|iPhone
		{8DDC0ED0-B7DA-4F6E-9F5A-C326E8E2C151}.Ad-Hoc|iPhone.ActiveCfg = Ad-Hoc|iPhone
		{8DDC0ED0-B7DA-4F6E-9F5A-C326E8E2C151}.Ad-Hoc|iPhone.Build.0 = Ad-Hoc|iPhone
		{8DDC0ED0-B7DA-4F6E-9F5A-C326E8E2C151}.Ad-Hoc|iPhoneSimulator.ActiveCfg = Ad-Hoc|iPhoneSimulator
		{8DDC0ED0-B7DA-4F6E-9F5A-C326E8E2C151}.Ad-Hoc|iPhoneSimulator.Build.0 = Ad-Hoc|iPhoneSimulator
		{8DDC0ED0-B7DA-4F6E-9F5A-C326E8E2C151}.Ad-Hoc|x64.ActiveCfg = Ad-Hoc|iPhone
		{8DDC0ED0-B7DA-4F6E-9F5A-C326E8E2C151}.Ad-Hoc|x86.ActiveCfg = Ad-Hoc|iPhone
		{8DDC0ED0-B7DA-4F6E-9F5A-C326E8E2C151}.AppStore|Any CPU.ActiveCfg = AppStore|iPhoneSimulator
		{8DDC0ED0-B7DA-4F6E-9F5A-C326E8E2C151}.AppStore|ARM.ActiveCfg = AppStore|iPhone
		{8DDC0ED0-B7DA-4F6E-9F5A-C326E8E2C151}.AppStore|iPhone.ActiveCfg = AppStore|iPhone
		{8DDC0ED0-B7DA-4F6E-9F5A-C326E8E2C151}.AppStore|iPhone.Build.0 = AppStore|iPhone
		{8DDC0ED0-B7DA-4F6E-9F5A-C326E8E2C151}.AppStore|iPhoneSimulator.ActiveCfg = AppStore|iPhoneSimulator
		{8DDC0ED0-B7DA-4F6E-9F5A-C326E8E2C151}.AppStore|iPhoneSimulator.Build.0 = AppStore|iPhoneSimulator
		{8DDC0ED0-B7DA-4F6E-9F5A-C326E8E2C151}.AppStore|x64.ActiveCfg = AppStore|iPhone
		{8DDC0ED0-B7DA-4F6E-9F5A-C326E8E2C151}.AppStore|x86.ActiveCfg = AppStore|iPhone
		{8DDC0ED0-B7DA-4F6E-9F5A-C326E8E2C151}.Debug|Any CPU.ActiveCfg = Debug|iPhoneSimulator
		{8DDC0ED0-B7DA-4F6E-9F5A-C326E8E2C151}.Debug|ARM.ActiveCfg = Debug|iPhone
		{8DDC0ED0-B7DA-4F6E-9F5A-C326E8E2C151}.Debug|iPhone.ActiveCfg = Debug|iPhone
		{8DDC0ED0-B7DA-4F6E-9F5A-C326E8E2C151}.Debug|iPhone.Build.0 = Debug|iPhone
		{8DDC0ED0-B7DA-4F6E-9F5A-C326E8E2C151}.Debug|iPhoneSimulator.ActiveCfg = Debug|iPhoneSimulator
		{8DDC0ED0-B7DA-4F6E-9F5A-C326E8E2C151}.Debug|iPhoneSimulator.Build.0 = Debug|iPhoneSimulator
		{8DDC0ED0-B7DA-4F6E-9F5A-C326E8E2C151}.Debug|x64.ActiveCfg = Debug|iPhone
		{8DDC0ED0-B7DA-4F6E-9F5A-C326E8E2C151}.Debug|x86.ActiveCfg = Debug|iPhone
		{8DDC0ED0-B7DA-4F6E-9F5A-C326E8E2C151}.Release|Any CPU.ActiveCfg = Release|iPhoneSimulator
		{8DDC0ED0-B7DA-4F6E-9F5A-C326E8E2C151}.Release|ARM.ActiveCfg = Release|iPhone
		{8DDC0ED0-B7DA-4F6E-9F5A-C326E8E2C151}.Release|iPhone.ActiveCfg = Release|iPhone
		{8DDC0ED0-B7DA-4F6E-9F5A-C326E8E2C151}.Release|iPhone.Build.0 = Release|iPhone
		{8DDC0ED0-B7DA-4F6E-9F5A-C326E8E2C151}.Release|iPhoneSimulator.ActiveCfg = Release|iPhoneSimulator
		{8DDC0ED0-B7DA-4F6E-9F5A-C326E8E2C151}.Release|iPhoneSimulator.Build.0 = Release|iPhoneSimulator
		{8DDC0ED0-B7DA-4F6E-9F5A-C326E8E2C151}.Release|x64.ActiveCfg = Release|iPhone
		{8DDC0ED0-B7DA-4F6E-9F5A-C326E8E2C151}.Release|x86.ActiveCfg = Release|iPhone
		{599D8482-C2DA-46D0-BCD8-18659887DFF3}.Ad-Hoc|Any CPU.ActiveCfg = Debug|Any CPU
		{599D8482-C2DA-46D0-BCD8-18659887DFF3}.Ad-Hoc|Any CPU.Build.0 = Debug|Any CPU
		{599D8482-C2DA-46D0-BCD8-18659887DFF3}.Ad-Hoc|ARM.ActiveCfg = Debug|Any CPU
		{599D8482-C2DA-46D0-BCD8-18659887DFF3}.Ad-Hoc|ARM.Build.0 = Debug|Any CPU
		{599D8482-C2DA-46D0-BCD8-18659887DFF3}.Ad-Hoc|iPhone.ActiveCfg = Debug|Any CPU
		{599D8482-C2DA-46D0-BCD8-18659887DFF3}.Ad-Hoc|iPhone.Build.0 = Debug|Any CPU
		{599D8482-C2DA-46D0-BCD8-18659887DFF3}.Ad-Hoc|iPhoneSimulator.ActiveCfg = Debug|Any CPU
		{599D8482-C2DA-46D0-BCD8-18659887DFF3}.Ad-Hoc|iPhoneSimulator.Build.0 = Debug|Any CPU
		{599D8482-C2DA-46D0-BCD8-18659887DFF3}.Ad-Hoc|x64.ActiveCfg = Debug|Any CPU
		{599D8482-C2DA-46D0-BCD8-18659887DFF3}.Ad-Hoc|x64.Build.0 = Debug|Any CPU
		{599D8482-C2DA-46D0-BCD8-18659887DFF3}.Ad-Hoc|x86.ActiveCfg = Debug|Any CPU
		{599D8482-C2DA-46D0-BCD8-18659887DFF3}.Ad-Hoc|x86.Build.0 = Debug|Any CPU
		{599D8482-C2DA-46D0-BCD8-18659887DFF3}.AppStore|Any CPU.ActiveCfg = Debug|Any CPU
		{599D8482-C2DA-46D0-BCD8-18659887DFF3}.AppStore|Any CPU.Build.0 = Debug|Any CPU
		{599D8482-C2DA-46D0-BCD8-18659887DFF3}.AppStore|ARM.ActiveCfg = Debug|Any CPU
		{599D8482-C2DA-46D0-BCD8-18659887DFF3}.AppStore|ARM.Build.0 = Debug|Any CPU
		{599D8482-C2DA-46D0-BCD8-18659887DFF3}.AppStore|iPhone.ActiveCfg = Debug|Any CPU
		{599D8482-C2DA-46D0-BCD8-18659887DFF3}.AppStore|iPhone.Build.0 = Debug|Any CPU
		{599D8482-C2DA-46D0-BCD8-18659887DFF3}.AppStore|iPhoneSimulator.ActiveCfg = Debug|Any CPU
		{599D8482-C2DA-46D0-BCD8-18659887DFF3}.AppStore|iPhoneSimulator.Build.0 = Debug|Any CPU
		{599D8482-C2DA-46D0-BCD8-18659887DFF3}.AppStore|x64.ActiveCfg = Debug|Any CPU
		{599D8482-C2DA-46D0-BCD8-18659887DFF3}.AppStore|x64.Build.0 = Debug|Any CPU
		{599D8482-C2DA-46D0-BCD8-18659887DFF3}.AppStore|x86.ActiveCfg = Debug|Any CPU
		{599D8482-C2DA-46D0-BCD8-18659887DFF3}.AppStore|x86.Build.0 = Debug|Any CPU
		{599D8482-C2DA-46D0-BCD8-18659887DFF3}.Debug|Any CPU.ActiveCfg = Debug|Any CPU
		{599D8482-C2DA-46D0-BCD8-18659887DFF3}.Debug|Any CPU.Build.0 = Debug|Any CPU
		{599D8482-C2DA-46D0-BCD8-18659887DFF3}.Debug|ARM.ActiveCfg = Debug|Any CPU
		{599D8482-C2DA-46D0-BCD8-18659887DFF3}.Debug|ARM.Build.0 = Debug|Any CPU
		{599D8482-C2DA-46D0-BCD8-18659887DFF3}.Debug|iPhone.ActiveCfg = Debug|Any CPU
		{599D8482-C2DA-46D0-BCD8-18659887DFF3}.Debug|iPhone.Build.0 = Debug|Any CPU
		{599D8482-C2DA-46D0-BCD8-18659887DFF3}.Debug|iPhoneSimulator.ActiveCfg = Debug|Any CPU
		{599D8482-C2DA-46D0-BCD8-18659887DFF3}.Debug|iPhoneSimulator.Build.0 = Debug|Any CPU
		{599D8482-C2DA-46D0-BCD8-18659887DFF3}.Debug|x64.ActiveCfg = Debug|Any CPU
		{599D8482-C2DA-46D0-BCD8-18659887DFF3}.Debug|x64.Build.0 = Debug|Any CPU
		{599D8482-C2DA-46D0-BCD8-18659887DFF3}.Debug|x86.ActiveCfg = Debug|Any CPU
		{599D8482-C2DA-46D0-BCD8-18659887DFF3}.Debug|x86.Build.0 = Debug|Any CPU
		{599D8482-C2DA-46D0-BCD8-18659887DFF3}.Release|Any CPU.ActiveCfg = Release|Any CPU
		{599D8482-C2DA-46D0-BCD8-18659887DFF3}.Release|Any CPU.Build.0 = Release|Any CPU
		{599D8482-C2DA-46D0-BCD8-18659887DFF3}.Release|ARM.ActiveCfg = Release|Any CPU
		{599D8482-C2DA-46D0-BCD8-18659887DFF3}.Release|ARM.Build.0 = Release|Any CPU
		{599D8482-C2DA-46D0-BCD8-18659887DFF3}.Release|iPhone.ActiveCfg = Release|Any CPU
		{599D8482-C2DA-46D0-BCD8-18659887DFF3}.Release|iPhone.Build.0 = Release|Any CPU
		{599D8482-C2DA-46D0-BCD8-18659887DFF3}.Release|iPhoneSimulator.ActiveCfg = Release|Any CPU
		{599D8482-C2DA-46D0-BCD8-18659887DFF3}.Release|iPhoneSimulator.Build.0 = Release|Any CPU
		{599D8482-C2DA-46D0-BCD8-18659887DFF3}.Release|x64.ActiveCfg = Release|Any CPU
		{599D8482-C2DA-46D0-BCD8-18659887DFF3}.Release|x64.Build.0 = Release|Any CPU
		{599D8482-C2DA-46D0-BCD8-18659887DFF3}.Release|x86.ActiveCfg = Release|Any CPU
		{599D8482-C2DA-46D0-BCD8-18659887DFF3}.Release|x86.Build.0 = Release|Any CPU
		{740C80B7-F5B5-430D-90D4-B7935BDEDEA2}.Ad-Hoc|Any CPU.ActiveCfg = Debug|Any CPU
		{740C80B7-F5B5-430D-90D4-B7935BDEDEA2}.Ad-Hoc|Any CPU.Build.0 = Debug|Any CPU
		{740C80B7-F5B5-430D-90D4-B7935BDEDEA2}.Ad-Hoc|ARM.ActiveCfg = Debug|Any CPU
		{740C80B7-F5B5-430D-90D4-B7935BDEDEA2}.Ad-Hoc|ARM.Build.0 = Debug|Any CPU
		{740C80B7-F5B5-430D-90D4-B7935BDEDEA2}.Ad-Hoc|iPhone.ActiveCfg = Debug|Any CPU
		{740C80B7-F5B5-430D-90D4-B7935BDEDEA2}.Ad-Hoc|iPhone.Build.0 = Debug|Any CPU
		{740C80B7-F5B5-430D-90D4-B7935BDEDEA2}.Ad-Hoc|iPhoneSimulator.ActiveCfg = Debug|Any CPU
		{740C80B7-F5B5-430D-90D4-B7935BDEDEA2}.Ad-Hoc|iPhoneSimulator.Build.0 = Debug|Any CPU
		{740C80B7-F5B5-430D-90D4-B7935BDEDEA2}.Ad-Hoc|x64.ActiveCfg = Debug|Any CPU
		{740C80B7-F5B5-430D-90D4-B7935BDEDEA2}.Ad-Hoc|x64.Build.0 = Debug|Any CPU
		{740C80B7-F5B5-430D-90D4-B7935BDEDEA2}.Ad-Hoc|x86.ActiveCfg = Debug|Any CPU
		{740C80B7-F5B5-430D-90D4-B7935BDEDEA2}.Ad-Hoc|x86.Build.0 = Debug|Any CPU
		{740C80B7-F5B5-430D-90D4-B7935BDEDEA2}.AppStore|Any CPU.ActiveCfg = Debug|Any CPU
		{740C80B7-F5B5-430D-90D4-B7935BDEDEA2}.AppStore|Any CPU.Build.0 = Debug|Any CPU
		{740C80B7-F5B5-430D-90D4-B7935BDEDEA2}.AppStore|ARM.ActiveCfg = Debug|Any CPU
		{740C80B7-F5B5-430D-90D4-B7935BDEDEA2}.AppStore|ARM.Build.0 = Debug|Any CPU
		{740C80B7-F5B5-430D-90D4-B7935BDEDEA2}.AppStore|iPhone.ActiveCfg = Debug|Any CPU
		{740C80B7-F5B5-430D-90D4-B7935BDEDEA2}.AppStore|iPhone.Build.0 = Debug|Any CPU
		{740C80B7-F5B5-430D-90D4-B7935BDEDEA2}.AppStore|iPhoneSimulator.ActiveCfg = Debug|Any CPU
		{740C80B7-F5B5-430D-90D4-B7935BDEDEA2}.AppStore|iPhoneSimulator.Build.0 = Debug|Any CPU
		{740C80B7-F5B5-430D-90D4-B7935BDEDEA2}.AppStore|x64.ActiveCfg = Debug|Any CPU
		{740C80B7-F5B5-430D-90D4-B7935BDEDEA2}.AppStore|x64.Build.0 = Debug|Any CPU
		{740C80B7-F5B5-430D-90D4-B7935BDEDEA2}.AppStore|x86.ActiveCfg = Debug|Any CPU
		{740C80B7-F5B5-430D-90D4-B7935BDEDEA2}.AppStore|x86.Build.0 = Debug|Any CPU
		{740C80B7-F5B5-430D-90D4-B7935BDEDEA2}.Debug|Any CPU.ActiveCfg = Debug|Any CPU
		{740C80B7-F5B5-430D-90D4-B7935BDEDEA2}.Debug|Any CPU.Build.0 = Debug|Any CPU
		{740C80B7-F5B5-430D-90D4-B7935BDEDEA2}.Debug|ARM.ActiveCfg = Debug|Any CPU
		{740C80B7-F5B5-430D-90D4-B7935BDEDEA2}.Debug|ARM.Build.0 = Debug|Any CPU
		{740C80B7-F5B5-430D-90D4-B7935BDEDEA2}.Debug|iPhone.ActiveCfg = Debug|Any CPU
		{740C80B7-F5B5-430D-90D4-B7935BDEDEA2}.Debug|iPhone.Build.0 = Debug|Any CPU
		{740C80B7-F5B5-430D-90D4-B7935BDEDEA2}.Debug|iPhoneSimulator.ActiveCfg = Debug|Any CPU
		{740C80B7-F5B5-430D-90D4-B7935BDEDEA2}.Debug|iPhoneSimulator.Build.0 = Debug|Any CPU
		{740C80B7-F5B5-430D-90D4-B7935BDEDEA2}.Debug|x64.ActiveCfg = Debug|Any CPU
		{740C80B7-F5B5-430D-90D4-B7935BDEDEA2}.Debug|x64.Build.0 = Debug|Any CPU
		{740C80B7-F5B5-430D-90D4-B7935BDEDEA2}.Debug|x86.ActiveCfg = Debug|Any CPU
		{740C80B7-F5B5-430D-90D4-B7935BDEDEA2}.Debug|x86.Build.0 = Debug|Any CPU
		{740C80B7-F5B5-430D-90D4-B7935BDEDEA2}.Release|Any CPU.ActiveCfg = Release|Any CPU
		{740C80B7-F5B5-430D-90D4-B7935BDEDEA2}.Release|Any CPU.Build.0 = Release|Any CPU
		{740C80B7-F5B5-430D-90D4-B7935BDEDEA2}.Release|ARM.ActiveCfg = Release|Any CPU
		{740C80B7-F5B5-430D-90D4-B7935BDEDEA2}.Release|ARM.Build.0 = Release|Any CPU
		{740C80B7-F5B5-430D-90D4-B7935BDEDEA2}.Release|iPhone.ActiveCfg = Release|Any CPU
		{740C80B7-F5B5-430D-90D4-B7935BDEDEA2}.Release|iPhone.Build.0 = Release|Any CPU
		{740C80B7-F5B5-430D-90D4-B7935BDEDEA2}.Release|iPhoneSimulator.ActiveCfg = Release|Any CPU
		{740C80B7-F5B5-430D-90D4-B7935BDEDEA2}.Release|iPhoneSimulator.Build.0 = Release|Any CPU
		{740C80B7-F5B5-430D-90D4-B7935BDEDEA2}.Release|x64.ActiveCfg = Release|Any CPU
		{740C80B7-F5B5-430D-90D4-B7935BDEDEA2}.Release|x64.Build.0 = Release|Any CPU
		{740C80B7-F5B5-430D-90D4-B7935BDEDEA2}.Release|x86.ActiveCfg = Release|Any CPU
		{740C80B7-F5B5-430D-90D4-B7935BDEDEA2}.Release|x86.Build.0 = Release|Any CPU
		{695630CE-F28E-42CA-A1CE-372062850EE3}.Ad-Hoc|Any CPU.ActiveCfg = Debug|Any CPU
		{695630CE-F28E-42CA-A1CE-372062850EE3}.Ad-Hoc|Any CPU.Build.0 = Debug|Any CPU
		{695630CE-F28E-42CA-A1CE-372062850EE3}.Ad-Hoc|ARM.ActiveCfg = Debug|Any CPU
		{695630CE-F28E-42CA-A1CE-372062850EE3}.Ad-Hoc|ARM.Build.0 = Debug|Any CPU
		{695630CE-F28E-42CA-A1CE-372062850EE3}.Ad-Hoc|iPhone.ActiveCfg = Debug|Any CPU
		{695630CE-F28E-42CA-A1CE-372062850EE3}.Ad-Hoc|iPhone.Build.0 = Debug|Any CPU
		{695630CE-F28E-42CA-A1CE-372062850EE3}.Ad-Hoc|iPhoneSimulator.ActiveCfg = Debug|Any CPU
		{695630CE-F28E-42CA-A1CE-372062850EE3}.Ad-Hoc|iPhoneSimulator.Build.0 = Debug|Any CPU
		{695630CE-F28E-42CA-A1CE-372062850EE3}.Ad-Hoc|x64.ActiveCfg = Debug|Any CPU
		{695630CE-F28E-42CA-A1CE-372062850EE3}.Ad-Hoc|x64.Build.0 = Debug|Any CPU
		{695630CE-F28E-42CA-A1CE-372062850EE3}.Ad-Hoc|x86.ActiveCfg = Debug|Any CPU
		{695630CE-F28E-42CA-A1CE-372062850EE3}.Ad-Hoc|x86.Build.0 = Debug|Any CPU
		{695630CE-F28E-42CA-A1CE-372062850EE3}.AppStore|Any CPU.ActiveCfg = Debug|Any CPU
		{695630CE-F28E-42CA-A1CE-372062850EE3}.AppStore|Any CPU.Build.0 = Debug|Any CPU
		{695630CE-F28E-42CA-A1CE-372062850EE3}.AppStore|ARM.ActiveCfg = Debug|Any CPU
		{695630CE-F28E-42CA-A1CE-372062850EE3}.AppStore|ARM.Build.0 = Debug|Any CPU
		{695630CE-F28E-42CA-A1CE-372062850EE3}.AppStore|iPhone.ActiveCfg = Debug|Any CPU
		{695630CE-F28E-42CA-A1CE-372062850EE3}.AppStore|iPhone.Build.0 = Debug|Any CPU
		{695630CE-F28E-42CA-A1CE-372062850EE3}.AppStore|iPhoneSimulator.ActiveCfg = Debug|Any CPU
		{695630CE-F28E-42CA-A1CE-372062850EE3}.AppStore|iPhoneSimulator.Build.0 = Debug|Any CPU
		{695630CE-F28E-42CA-A1CE-372062850EE3}.AppStore|x64.ActiveCfg = Debug|Any CPU
		{695630CE-F28E-42CA-A1CE-372062850EE3}.AppStore|x64.Build.0 = Debug|Any CPU
		{695630CE-F28E-42CA-A1CE-372062850EE3}.AppStore|x86.ActiveCfg = Debug|Any CPU
		{695630CE-F28E-42CA-A1CE-372062850EE3}.AppStore|x86.Build.0 = Debug|Any CPU
		{695630CE-F28E-42CA-A1CE-372062850EE3}.Debug|Any CPU.ActiveCfg = Debug|Any CPU
		{695630CE-F28E-42CA-A1CE-372062850EE3}.Debug|Any CPU.Build.0 = Debug|Any CPU
		{695630CE-F28E-42CA-A1CE-372062850EE3}.Debug|ARM.ActiveCfg = Debug|Any CPU
		{695630CE-F28E-42CA-A1CE-372062850EE3}.Debug|ARM.Build.0 = Debug|Any CPU
		{695630CE-F28E-42CA-A1CE-372062850EE3}.Debug|iPhone.ActiveCfg = Debug|Any CPU
		{695630CE-F28E-42CA-A1CE-372062850EE3}.Debug|iPhone.Build.0 = Debug|Any CPU
		{695630CE-F28E-42CA-A1CE-372062850EE3}.Debug|iPhoneSimulator.ActiveCfg = Debug|Any CPU
		{695630CE-F28E-42CA-A1CE-372062850EE3}.Debug|iPhoneSimulator.Build.0 = Debug|Any CPU
		{695630CE-F28E-42CA-A1CE-372062850EE3}.Debug|x64.ActiveCfg = Debug|Any CPU
		{695630CE-F28E-42CA-A1CE-372062850EE3}.Debug|x64.Build.0 = Debug|Any CPU
		{695630CE-F28E-42CA-A1CE-372062850EE3}.Debug|x86.ActiveCfg = Debug|Any CPU
		{695630CE-F28E-42CA-A1CE-372062850EE3}.Debug|x86.Build.0 = Debug|Any CPU
		{695630CE-F28E-42CA-A1CE-372062850EE3}.Release|Any CPU.ActiveCfg = Release|Any CPU
		{695630CE-F28E-42CA-A1CE-372062850EE3}.Release|Any CPU.Build.0 = Release|Any CPU
		{695630CE-F28E-42CA-A1CE-372062850EE3}.Release|ARM.ActiveCfg = Release|Any CPU
		{695630CE-F28E-42CA-A1CE-372062850EE3}.Release|ARM.Build.0 = Release|Any CPU
		{695630CE-F28E-42CA-A1CE-372062850EE3}.Release|iPhone.ActiveCfg = Release|Any CPU
		{695630CE-F28E-42CA-A1CE-372062850EE3}.Release|iPhone.Build.0 = Release|Any CPU
		{695630CE-F28E-42CA-A1CE-372062850EE3}.Release|iPhoneSimulator.ActiveCfg = Release|Any CPU
		{695630CE-F28E-42CA-A1CE-372062850EE3}.Release|iPhoneSimulator.Build.0 = Release|Any CPU
		{695630CE-F28E-42CA-A1CE-372062850EE3}.Release|x64.ActiveCfg = Release|Any CPU
		{695630CE-F28E-42CA-A1CE-372062850EE3}.Release|x64.Build.0 = Release|Any CPU
		{695630CE-F28E-42CA-A1CE-372062850EE3}.Release|x86.ActiveCfg = Release|Any CPU
		{695630CE-F28E-42CA-A1CE-372062850EE3}.Release|x86.Build.0 = Release|Any CPU
		{F49159DE-285F-4553-BD4B-87BD8B6CEC43}.Ad-Hoc|Any CPU.ActiveCfg = Debug|Any CPU
		{F49159DE-285F-4553-BD4B-87BD8B6CEC43}.Ad-Hoc|Any CPU.Build.0 = Debug|Any CPU
		{F49159DE-285F-4553-BD4B-87BD8B6CEC43}.Ad-Hoc|ARM.ActiveCfg = Debug|Any CPU
		{F49159DE-285F-4553-BD4B-87BD8B6CEC43}.Ad-Hoc|ARM.Build.0 = Debug|Any CPU
		{F49159DE-285F-4553-BD4B-87BD8B6CEC43}.Ad-Hoc|iPhone.ActiveCfg = Debug|Any CPU
		{F49159DE-285F-4553-BD4B-87BD8B6CEC43}.Ad-Hoc|iPhone.Build.0 = Debug|Any CPU
		{F49159DE-285F-4553-BD4B-87BD8B6CEC43}.Ad-Hoc|iPhoneSimulator.ActiveCfg = Debug|Any CPU
		{F49159DE-285F-4553-BD4B-87BD8B6CEC43}.Ad-Hoc|iPhoneSimulator.Build.0 = Debug|Any CPU
		{F49159DE-285F-4553-BD4B-87BD8B6CEC43}.Ad-Hoc|x64.ActiveCfg = Debug|Any CPU
		{F49159DE-285F-4553-BD4B-87BD8B6CEC43}.Ad-Hoc|x64.Build.0 = Debug|Any CPU
		{F49159DE-285F-4553-BD4B-87BD8B6CEC43}.Ad-Hoc|x86.ActiveCfg = Debug|Any CPU
		{F49159DE-285F-4553-BD4B-87BD8B6CEC43}.Ad-Hoc|x86.Build.0 = Debug|Any CPU
		{F49159DE-285F-4553-BD4B-87BD8B6CEC43}.AppStore|Any CPU.ActiveCfg = Debug|Any CPU
		{F49159DE-285F-4553-BD4B-87BD8B6CEC43}.AppStore|Any CPU.Build.0 = Debug|Any CPU
		{F49159DE-285F-4553-BD4B-87BD8B6CEC43}.AppStore|ARM.ActiveCfg = Debug|Any CPU
		{F49159DE-285F-4553-BD4B-87BD8B6CEC43}.AppStore|ARM.Build.0 = Debug|Any CPU
		{F49159DE-285F-4553-BD4B-87BD8B6CEC43}.AppStore|iPhone.ActiveCfg = Debug|Any CPU
		{F49159DE-285F-4553-BD4B-87BD8B6CEC43}.AppStore|iPhone.Build.0 = Debug|Any CPU
		{F49159DE-285F-4553-BD4B-87BD8B6CEC43}.AppStore|iPhoneSimulator.ActiveCfg = Debug|Any CPU
		{F49159DE-285F-4553-BD4B-87BD8B6CEC43}.AppStore|iPhoneSimulator.Build.0 = Debug|Any CPU
		{F49159DE-285F-4553-BD4B-87BD8B6CEC43}.AppStore|x64.ActiveCfg = Debug|Any CPU
		{F49159DE-285F-4553-BD4B-87BD8B6CEC43}.AppStore|x64.Build.0 = Debug|Any CPU
		{F49159DE-285F-4553-BD4B-87BD8B6CEC43}.AppStore|x86.ActiveCfg = Debug|Any CPU
		{F49159DE-285F-4553-BD4B-87BD8B6CEC43}.AppStore|x86.Build.0 = Debug|Any CPU
		{F49159DE-285F-4553-BD4B-87BD8B6CEC43}.Debug|Any CPU.ActiveCfg = Debug|Any CPU
		{F49159DE-285F-4553-BD4B-87BD8B6CEC43}.Debug|Any CPU.Build.0 = Debug|Any CPU
		{F49159DE-285F-4553-BD4B-87BD8B6CEC43}.Debug|ARM.ActiveCfg = Debug|Any CPU
		{F49159DE-285F-4553-BD4B-87BD8B6CEC43}.Debug|ARM.Build.0 = Debug|Any CPU
		{F49159DE-285F-4553-BD4B-87BD8B6CEC43}.Debug|iPhone.ActiveCfg = Debug|Any CPU
		{F49159DE-285F-4553-BD4B-87BD8B6CEC43}.Debug|iPhone.Build.0 = Debug|Any CPU
		{F49159DE-285F-4553-BD4B-87BD8B6CEC43}.Debug|iPhoneSimulator.ActiveCfg = Debug|Any CPU
		{F49159DE-285F-4553-BD4B-87BD8B6CEC43}.Debug|iPhoneSimulator.Build.0 = Debug|Any CPU
		{F49159DE-285F-4553-BD4B-87BD8B6CEC43}.Debug|x64.ActiveCfg = Debug|Any CPU
		{F49159DE-285F-4553-BD4B-87BD8B6CEC43}.Debug|x64.Build.0 = Debug|Any CPU
		{F49159DE-285F-4553-BD4B-87BD8B6CEC43}.Debug|x86.ActiveCfg = Debug|Any CPU
		{F49159DE-285F-4553-BD4B-87BD8B6CEC43}.Debug|x86.Build.0 = Debug|Any CPU
		{F49159DE-285F-4553-BD4B-87BD8B6CEC43}.Release|Any CPU.ActiveCfg = Release|Any CPU
		{F49159DE-285F-4553-BD4B-87BD8B6CEC43}.Release|Any CPU.Build.0 = Release|Any CPU
		{F49159DE-285F-4553-BD4B-87BD8B6CEC43}.Release|ARM.ActiveCfg = Release|Any CPU
		{F49159DE-285F-4553-BD4B-87BD8B6CEC43}.Release|ARM.Build.0 = Release|Any CPU
		{F49159DE-285F-4553-BD4B-87BD8B6CEC43}.Release|iPhone.ActiveCfg = Release|Any CPU
		{F49159DE-285F-4553-BD4B-87BD8B6CEC43}.Release|iPhone.Build.0 = Release|Any CPU
		{F49159DE-285F-4553-BD4B-87BD8B6CEC43}.Release|iPhoneSimulator.ActiveCfg = Release|Any CPU
		{F49159DE-285F-4553-BD4B-87BD8B6CEC43}.Release|iPhoneSimulator.Build.0 = Release|Any CPU
		{F49159DE-285F-4553-BD4B-87BD8B6CEC43}.Release|x64.ActiveCfg = Release|Any CPU
		{F49159DE-285F-4553-BD4B-87BD8B6CEC43}.Release|x64.Build.0 = Release|Any CPU
		{F49159DE-285F-4553-BD4B-87BD8B6CEC43}.Release|x86.ActiveCfg = Release|Any CPU
		{F49159DE-285F-4553-BD4B-87BD8B6CEC43}.Release|x86.Build.0 = Release|Any CPU
		{93737707-0182-493A-8870-15AD693AB496}.Ad-Hoc|Any CPU.ActiveCfg = Debug|Any CPU
		{93737707-0182-493A-8870-15AD693AB496}.Ad-Hoc|Any CPU.Build.0 = Debug|Any CPU
		{93737707-0182-493A-8870-15AD693AB496}.Ad-Hoc|ARM.ActiveCfg = Debug|Any CPU
		{93737707-0182-493A-8870-15AD693AB496}.Ad-Hoc|ARM.Build.0 = Debug|Any CPU
		{93737707-0182-493A-8870-15AD693AB496}.Ad-Hoc|iPhone.ActiveCfg = Debug|Any CPU
		{93737707-0182-493A-8870-15AD693AB496}.Ad-Hoc|iPhone.Build.0 = Debug|Any CPU
		{93737707-0182-493A-8870-15AD693AB496}.Ad-Hoc|iPhoneSimulator.ActiveCfg = Debug|Any CPU
		{93737707-0182-493A-8870-15AD693AB496}.Ad-Hoc|iPhoneSimulator.Build.0 = Debug|Any CPU
		{93737707-0182-493A-8870-15AD693AB496}.Ad-Hoc|x64.ActiveCfg = Debug|Any CPU
		{93737707-0182-493A-8870-15AD693AB496}.Ad-Hoc|x64.Build.0 = Debug|Any CPU
		{93737707-0182-493A-8870-15AD693AB496}.Ad-Hoc|x86.ActiveCfg = Debug|Any CPU
		{93737707-0182-493A-8870-15AD693AB496}.Ad-Hoc|x86.Build.0 = Debug|Any CPU
		{93737707-0182-493A-8870-15AD693AB496}.AppStore|Any CPU.ActiveCfg = Debug|Any CPU
		{93737707-0182-493A-8870-15AD693AB496}.AppStore|Any CPU.Build.0 = Debug|Any CPU
		{93737707-0182-493A-8870-15AD693AB496}.AppStore|ARM.ActiveCfg = Debug|Any CPU
		{93737707-0182-493A-8870-15AD693AB496}.AppStore|ARM.Build.0 = Debug|Any CPU
		{93737707-0182-493A-8870-15AD693AB496}.AppStore|iPhone.ActiveCfg = Debug|Any CPU
		{93737707-0182-493A-8870-15AD693AB496}.AppStore|iPhone.Build.0 = Debug|Any CPU
		{93737707-0182-493A-8870-15AD693AB496}.AppStore|iPhoneSimulator.ActiveCfg = Debug|Any CPU
		{93737707-0182-493A-8870-15AD693AB496}.AppStore|iPhoneSimulator.Build.0 = Debug|Any CPU
		{93737707-0182-493A-8870-15AD693AB496}.AppStore|x64.ActiveCfg = Debug|Any CPU
		{93737707-0182-493A-8870-15AD693AB496}.AppStore|x64.Build.0 = Debug|Any CPU
		{93737707-0182-493A-8870-15AD693AB496}.AppStore|x86.ActiveCfg = Debug|Any CPU
		{93737707-0182-493A-8870-15AD693AB496}.AppStore|x86.Build.0 = Debug|Any CPU
		{93737707-0182-493A-8870-15AD693AB496}.Debug|Any CPU.ActiveCfg = Debug|Any CPU
		{93737707-0182-493A-8870-15AD693AB496}.Debug|Any CPU.Build.0 = Debug|Any CPU
		{93737707-0182-493A-8870-15AD693AB496}.Debug|ARM.ActiveCfg = Debug|Any CPU
		{93737707-0182-493A-8870-15AD693AB496}.Debug|ARM.Build.0 = Debug|Any CPU
		{93737707-0182-493A-8870-15AD693AB496}.Debug|iPhone.ActiveCfg = Debug|Any CPU
		{93737707-0182-493A-8870-15AD693AB496}.Debug|iPhone.Build.0 = Debug|Any CPU
		{93737707-0182-493A-8870-15AD693AB496}.Debug|iPhoneSimulator.ActiveCfg = Debug|Any CPU
		{93737707-0182-493A-8870-15AD693AB496}.Debug|iPhoneSimulator.Build.0 = Debug|Any CPU
		{93737707-0182-493A-8870-15AD693AB496}.Debug|x64.ActiveCfg = Debug|Any CPU
		{93737707-0182-493A-8870-15AD693AB496}.Debug|x64.Build.0 = Debug|Any CPU
		{93737707-0182-493A-8870-15AD693AB496}.Debug|x86.ActiveCfg = Debug|Any CPU
		{93737707-0182-493A-8870-15AD693AB496}.Debug|x86.Build.0 = Debug|Any CPU
		{93737707-0182-493A-8870-15AD693AB496}.Release|Any CPU.ActiveCfg = Release|Any CPU
		{93737707-0182-493A-8870-15AD693AB496}.Release|Any CPU.Build.0 = Release|Any CPU
		{93737707-0182-493A-8870-15AD693AB496}.Release|ARM.ActiveCfg = Release|Any CPU
		{93737707-0182-493A-8870-15AD693AB496}.Release|ARM.Build.0 = Release|Any CPU
		{93737707-0182-493A-8870-15AD693AB496}.Release|iPhone.ActiveCfg = Release|Any CPU
		{93737707-0182-493A-8870-15AD693AB496}.Release|iPhone.Build.0 = Release|Any CPU
		{93737707-0182-493A-8870-15AD693AB496}.Release|iPhoneSimulator.ActiveCfg = Release|Any CPU
		{93737707-0182-493A-8870-15AD693AB496}.Release|iPhoneSimulator.Build.0 = Release|Any CPU
		{93737707-0182-493A-8870-15AD693AB496}.Release|x64.ActiveCfg = Release|Any CPU
		{93737707-0182-493A-8870-15AD693AB496}.Release|x64.Build.0 = Release|Any CPU
		{93737707-0182-493A-8870-15AD693AB496}.Release|x86.ActiveCfg = Release|Any CPU
		{93737707-0182-493A-8870-15AD693AB496}.Release|x86.Build.0 = Release|Any CPU
		{AED62D92-569A-4F39-8EB1-3C44537E75BF}.Ad-Hoc|Any CPU.ActiveCfg = Release|Any CPU
		{AED62D92-569A-4F39-8EB1-3C44537E75BF}.Ad-Hoc|Any CPU.Build.0 = Release|Any CPU
		{AED62D92-569A-4F39-8EB1-3C44537E75BF}.Ad-Hoc|ARM.ActiveCfg = Release|Any CPU
		{AED62D92-569A-4F39-8EB1-3C44537E75BF}.Ad-Hoc|ARM.Build.0 = Release|Any CPU
		{AED62D92-569A-4F39-8EB1-3C44537E75BF}.Ad-Hoc|iPhone.ActiveCfg = Release|Any CPU
		{AED62D92-569A-4F39-8EB1-3C44537E75BF}.Ad-Hoc|iPhone.Build.0 = Release|Any CPU
		{AED62D92-569A-4F39-8EB1-3C44537E75BF}.Ad-Hoc|iPhoneSimulator.ActiveCfg = Release|Any CPU
		{AED62D92-569A-4F39-8EB1-3C44537E75BF}.Ad-Hoc|iPhoneSimulator.Build.0 = Release|Any CPU
		{AED62D92-569A-4F39-8EB1-3C44537E75BF}.Ad-Hoc|x64.ActiveCfg = Release|Any CPU
		{AED62D92-569A-4F39-8EB1-3C44537E75BF}.Ad-Hoc|x64.Build.0 = Release|Any CPU
		{AED62D92-569A-4F39-8EB1-3C44537E75BF}.Ad-Hoc|x86.ActiveCfg = Release|Any CPU
		{AED62D92-569A-4F39-8EB1-3C44537E75BF}.Ad-Hoc|x86.Build.0 = Release|Any CPU
		{AED62D92-569A-4F39-8EB1-3C44537E75BF}.AppStore|Any CPU.ActiveCfg = Release|Any CPU
		{AED62D92-569A-4F39-8EB1-3C44537E75BF}.AppStore|Any CPU.Build.0 = Release|Any CPU
		{AED62D92-569A-4F39-8EB1-3C44537E75BF}.AppStore|ARM.ActiveCfg = Release|Any CPU
		{AED62D92-569A-4F39-8EB1-3C44537E75BF}.AppStore|ARM.Build.0 = Release|Any CPU
		{AED62D92-569A-4F39-8EB1-3C44537E75BF}.AppStore|iPhone.ActiveCfg = Release|Any CPU
		{AED62D92-569A-4F39-8EB1-3C44537E75BF}.AppStore|iPhone.Build.0 = Release|Any CPU
		{AED62D92-569A-4F39-8EB1-3C44537E75BF}.AppStore|iPhoneSimulator.ActiveCfg = Release|Any CPU
		{AED62D92-569A-4F39-8EB1-3C44537E75BF}.AppStore|iPhoneSimulator.Build.0 = Release|Any CPU
		{AED62D92-569A-4F39-8EB1-3C44537E75BF}.AppStore|x64.ActiveCfg = Release|Any CPU
		{AED62D92-569A-4F39-8EB1-3C44537E75BF}.AppStore|x64.Build.0 = Release|Any CPU
		{AED62D92-569A-4F39-8EB1-3C44537E75BF}.AppStore|x86.ActiveCfg = Release|Any CPU
		{AED62D92-569A-4F39-8EB1-3C44537E75BF}.AppStore|x86.Build.0 = Release|Any CPU
		{AED62D92-569A-4F39-8EB1-3C44537E75BF}.Debug|Any CPU.ActiveCfg = Debug|Any CPU
		{AED62D92-569A-4F39-8EB1-3C44537E75BF}.Debug|Any CPU.Build.0 = Debug|Any CPU
		{AED62D92-569A-4F39-8EB1-3C44537E75BF}.Debug|ARM.ActiveCfg = Debug|Any CPU
		{AED62D92-569A-4F39-8EB1-3C44537E75BF}.Debug|ARM.Build.0 = Debug|Any CPU
		{AED62D92-569A-4F39-8EB1-3C44537E75BF}.Debug|iPhone.ActiveCfg = Debug|Any CPU
		{AED62D92-569A-4F39-8EB1-3C44537E75BF}.Debug|iPhone.Build.0 = Debug|Any CPU
		{AED62D92-569A-4F39-8EB1-3C44537E75BF}.Debug|iPhoneSimulator.ActiveCfg = Debug|Any CPU
		{AED62D92-569A-4F39-8EB1-3C44537E75BF}.Debug|iPhoneSimulator.Build.0 = Debug|Any CPU
		{AED62D92-569A-4F39-8EB1-3C44537E75BF}.Debug|x64.ActiveCfg = Debug|Any CPU
		{AED62D92-569A-4F39-8EB1-3C44537E75BF}.Debug|x64.Build.0 = Debug|Any CPU
		{AED62D92-569A-4F39-8EB1-3C44537E75BF}.Debug|x86.ActiveCfg = Debug|Any CPU
		{AED62D92-569A-4F39-8EB1-3C44537E75BF}.Debug|x86.Build.0 = Debug|Any CPU
		{AED62D92-569A-4F39-8EB1-3C44537E75BF}.Release|Any CPU.ActiveCfg = Release|Any CPU
		{AED62D92-569A-4F39-8EB1-3C44537E75BF}.Release|Any CPU.Build.0 = Release|Any CPU
		{AED62D92-569A-4F39-8EB1-3C44537E75BF}.Release|ARM.ActiveCfg = Release|Any CPU
		{AED62D92-569A-4F39-8EB1-3C44537E75BF}.Release|ARM.Build.0 = Release|Any CPU
		{AED62D92-569A-4F39-8EB1-3C44537E75BF}.Release|iPhone.ActiveCfg = Release|Any CPU
		{AED62D92-569A-4F39-8EB1-3C44537E75BF}.Release|iPhone.Build.0 = Release|Any CPU
		{AED62D92-569A-4F39-8EB1-3C44537E75BF}.Release|iPhoneSimulator.ActiveCfg = Release|Any CPU
		{AED62D92-569A-4F39-8EB1-3C44537E75BF}.Release|iPhoneSimulator.Build.0 = Release|Any CPU
		{AED62D92-569A-4F39-8EB1-3C44537E75BF}.Release|x64.ActiveCfg = Release|Any CPU
		{AED62D92-569A-4F39-8EB1-3C44537E75BF}.Release|x64.Build.0 = Release|Any CPU
		{AED62D92-569A-4F39-8EB1-3C44537E75BF}.Release|x86.ActiveCfg = Release|Any CPU
		{AED62D92-569A-4F39-8EB1-3C44537E75BF}.Release|x86.Build.0 = Release|Any CPU
	EndGlobalSection
	GlobalSection(SolutionProperties) = preSolution
		HideSolutionNode = FALSE
	EndGlobalSection
	GlobalSection(ExtensibilityGlobals) = postSolution
		SolutionGuid = {E722138E-081C-4EF9-8CC8-1E4783EA7231}
	EndGlobalSection
EndGlobal
