
Microsoft Visual Studio Solution File, Format Version 12.00
# Visual Studio 15
VisualStudioVersion = 15.0.27004.2008
MinimumVisualStudioVersion = 10.0.40219.1
Project("{D954291E-2A0B-460D-934E-DC6B0785DB48}") = "CarparkTracker", "CarparkTracker\CarparkTracker\CarparkTracker.shproj", "{8E37AD9C-612E-43AA-A10E-B94DA01A7A33}"
EndProject
Project("{FAE04EC0-301F-11D3-BF4B-00C04F79EFBC}") = "CarparkTracker.Android", "CarparkTracker\CarparkTracker.Android\CarparkTracker.Android.csproj", "{962E4FCF-5FE6-4756-B555-3ABE26CEE101}"
EndProject
Project("{9A19103F-16F7-4668-BE54-9A1E7A4F7556}") = "CarparkTracker.Common.Containers", "CarparkTracker.Common.Containers\CarparkTracker.Common.Containers.csproj", "{599D8482-C2DA-46D0-BCD8-18659887DFF3}"
EndProject
Project("{9A19103F-16F7-4668-BE54-9A1E7A4F7556}") = "CarparkTracker.Business.Bootstrapper", "CarparkTracker.Business.Bootstrapper\CarparkTracker.Business.Bootstrapper.csproj", "{740C80B7-F5B5-430D-90D4-B7935BDEDEA2}"
EndProject
Project("{9A19103F-16F7-4668-BE54-9A1E7A4F7556}") = "CarparkTracker.Business.Handlers", "CarparkTracker.Business.Handlers\CarparkTracker.Business.Handlers.csproj", "{695630CE-F28E-42CA-A1CE-372062850EE3}"
EndProject
Project("{9A19103F-16F7-4668-BE54-9A1E7A4F7556}") = "CarparkTracker.Business.Handlers.Contracts", "CarparkTracker.Business.Handlers.Contracts\CarparkTracker.Business.Handlers.Contracts.csproj", "{F49159DE-285F-4553-BD4B-87BD8B6CEC43}"
EndProject
Project("{9A19103F-16F7-4668-BE54-9A1E7A4F7556}") = "CarparkTracker.Business.Entities", "CarparkTracker.Business.Entities\CarparkTracker.Business.Entities.csproj", "{93737707-0182-493A-8870-15AD693AB496}"
EndProject
Project("{FAE04EC0-301F-11D3-BF4B-00C04F79EFBC}") = "CarparkTracker.Tests", "CarparkTracker.Tests\CarparkTracker.Tests.csproj", "{AED62D92-569A-4F39-8EB1-3C44537E75BF}"
EndProject
Project("{9A19103F-16F7-4668-BE54-9A1E7A4F7556}") = "CarparkTracker.Presentation.Entities", "CarparkTracker.Presentation.Entities\CarparkTracker.Presentation.Entities.csproj", "{EDF9196A-6CD2-4229-B04E-E8A0AFF0F2CF}"
EndProject
Project("{9A19103F-16F7-4668-BE54-9A1E7A4F7556}") = "CarparkTracker.Presentation.ViewModels", "CarparkTracker.Presentation.ViewModels\CarparkTracker.Presentation.ViewModels.csproj", "{99C205AF-8042-4725-A0FC-03A64E2039DF}"
EndProject
Project("{9A19103F-16F7-4668-BE54-9A1E7A4F7556}") = "CarparkTracker.Presentation.Mappers", "CarparkTracker.Presentation.Mappers\CarparkTracker.Presentation.Mappers.csproj", "{82DFF16E-9F75-4BD7-BCC8-5B76CD84FAC1}"
EndProject
Project("{9A19103F-16F7-4668-BE54-9A1E7A4F7556}") = "CarparkTracker.Presentation.Mappers.Contracts", "CarparkTracker.Presentation.Mappers.Contracts\CarparkTracker.Presentation.Mappers.Contracts.csproj", "{84C0AE0C-8E62-479B-B676-00B2A1DDCB7A}"
EndProject
Project("{9A19103F-16F7-4668-BE54-9A1E7A4F7556}") = "CarparkTracker.Presentation.ViewModels.Contracts", "CarparkTracker.Presentation.ViewModels.Contracts\CarparkTracker.Presentation.ViewModels.Contracts.csproj", "{BB34E66C-C9D7-4E15-81B7-C177ECDBD37E}"
EndProject
Project("{9A19103F-16F7-4668-BE54-9A1E7A4F7556}") = "CarparkTracker.Data.Location", "CarparkTracker.Data.Location\CarparkTracker.Data.Location.csproj", "{7E95D4E4-7B73-4BCE-A53D-17806AF38246}"
EndProject
Project("{9A19103F-16F7-4668-BE54-9A1E7A4F7556}") = "CarparkTracker.Common.Entities", "CarparkTracker.Common.Entities\CarparkTracker.Common.Entities.csproj", "{A874AD3B-5AE9-4789-B510-7192C84008AE}"
EndProject
Project("{9A19103F-16F7-4668-BE54-9A1E7A4F7556}") = "CarparkTracker.Data.Web", "CarparkTracker.Data.Web\CarparkTracker.Data.Web.csproj", "{A82E7B56-F041-4C97-B467-6A81909D0E8A}"
EndProject
Project("{9A19103F-16F7-4668-BE54-9A1E7A4F7556}") = "CarparkTracker.Data.Contracts", "CarparkTracker.Data.Contracts\CarparkTracker.Data.Contracts.csproj", "{39F34AB7-FAC4-4285-A978-B13848623E34}"
EndProject
Project("{FAE04EC0-301F-11D3-BF4B-00C04F79EFBC}") = "CarparkTracker.Common.Configuration", "CarparkTracker.Common.Configuration\CarparkTracker.Common.Configuration.csproj", "{4D82CD7E-AFA8-4CE6-8A5F-A3A658A3C53B}"
EndProject
Global
	GlobalSection(SharedMSBuildProjectFiles) = preSolution
		CarparkTracker\CarparkTracker\CarparkTracker.projitems*{8e37ad9c-612e-43aa-a10e-b94da01a7a33}*SharedItemsImports = 13
		CarparkTracker\CarparkTracker\CarparkTracker.projitems*{962e4fcf-5fe6-4756-b555-3abe26cee101}*SharedItemsImports = 4
	EndGlobalSection
	GlobalSection(SolutionConfigurationPlatforms) = preSolution
		Ad-Hoc|Any CPU = Ad-Hoc|Any CPU
		Ad-Hoc|ARM = Ad-Hoc|ARM
		Ad-Hoc|iPhone = Ad-Hoc|iPhone
		Ad-Hoc|iPhoneSimulator = Ad-Hoc|iPhoneSimulator
		Ad-Hoc|x64 = Ad-Hoc|x64
		Ad-Hoc|x86 = Ad-Hoc|x86
		AppStore|Any CPU = AppStore|Any CPU
		AppStore|ARM = AppStore|ARM
		AppStore|iPhone = AppStore|iPhone
		AppStore|iPhoneSimulator = AppStore|iPhoneSimulator
		AppStore|x64 = AppStore|x64
		AppStore|x86 = AppStore|x86
		Debug|Any CPU = Debug|Any CPU
		Debug|ARM = Debug|ARM
		Debug|iPhone = Debug|iPhone
		Debug|iPhoneSimulator = Debug|iPhoneSimulator
		Debug|x64 = Debug|x64
		Debug|x86 = Debug|x86
		Release|Any CPU = Release|Any CPU
		Release|ARM = Release|ARM
		Release|iPhone = Release|iPhone
		Release|iPhoneSimulator = Release|iPhoneSimulator
		Release|x64 = Release|x64
		Release|x86 = Release|x86
	EndGlobalSection
	GlobalSection(ProjectConfigurationPlatforms) = postSolution
		{962E4FCF-5FE6-4756-B555-3ABE26CEE101}.Ad-Hoc|Any CPU.ActiveCfg = Release|Any CPU
		{962E4FCF-5FE6-4756-B555-3ABE26CEE101}.Ad-Hoc|Any CPU.Build.0 = Release|Any CPU
		{962E4FCF-5FE6-4756-B555-3ABE26CEE101}.Ad-Hoc|Any CPU.Deploy.0 = Release|Any CPU
		{962E4FCF-5FE6-4756-B555-3ABE26CEE101}.Ad-Hoc|ARM.ActiveCfg = Release|Any CPU
		{962E4FCF-5FE6-4756-B555-3ABE26CEE101}.Ad-Hoc|ARM.Build.0 = Release|Any CPU
		{962E4FCF-5FE6-4756-B555-3ABE26CEE101}.Ad-Hoc|ARM.Deploy.0 = Release|Any CPU
		{962E4FCF-5FE6-4756-B555-3ABE26CEE101}.Ad-Hoc|iPhone.ActiveCfg = Release|Any CPU
		{962E4FCF-5FE6-4756-B555-3ABE26CEE101}.Ad-Hoc|iPhone.Build.0 = Release|Any CPU
		{962E4FCF-5FE6-4756-B555-3ABE26CEE101}.Ad-Hoc|iPhone.Deploy.0 = Release|Any CPU
		{962E4FCF-5FE6-4756-B555-3ABE26CEE101}.Ad-Hoc|iPhoneSimulator.ActiveCfg = Release|Any CPU
		{962E4FCF-5FE6-4756-B555-3ABE26CEE101}.Ad-Hoc|iPhoneSimulator.Build.0 = Release|Any CPU
		{962E4FCF-5FE6-4756-B555-3ABE26CEE101}.Ad-Hoc|iPhoneSimulator.Deploy.0 = Release|Any CPU
		{962E4FCF-5FE6-4756-B555-3ABE26CEE101}.Ad-Hoc|x64.ActiveCfg = Release|Any CPU
		{962E4FCF-5FE6-4756-B555-3ABE26CEE101}.Ad-Hoc|x64.Build.0 = Release|Any CPU
		{962E4FCF-5FE6-4756-B555-3ABE26CEE101}.Ad-Hoc|x64.Deploy.0 = Release|Any CPU
		{962E4FCF-5FE6-4756-B555-3ABE26CEE101}.Ad-Hoc|x86.ActiveCfg = Release|Any CPU
		{962E4FCF-5FE6-4756-B555-3ABE26CEE101}.Ad-Hoc|x86.Build.0 = Release|Any CPU
		{962E4FCF-5FE6-4756-B555-3ABE26CEE101}.Ad-Hoc|x86.Deploy.0 = Release|Any CPU
		{962E4FCF-5FE6-4756-B555-3ABE26CEE101}.AppStore|Any CPU.ActiveCfg = Release|Any CPU
		{962E4FCF-5FE6-4756-B555-3ABE26CEE101}.AppStore|Any CPU.Build.0 = Release|Any CPU
		{962E4FCF-5FE6-4756-B555-3ABE26CEE101}.AppStore|Any CPU.Deploy.0 = Release|Any CPU
		{962E4FCF-5FE6-4756-B555-3ABE26CEE101}.AppStore|ARM.ActiveCfg = Release|Any CPU
		{962E4FCF-5FE6-4756-B555-3ABE26CEE101}.AppStore|ARM.Build.0 = Release|Any CPU
		{962E4FCF-5FE6-4756-B555-3ABE26CEE101}.AppStore|ARM.Deploy.0 = Release|Any CPU
		{962E4FCF-5FE6-4756-B555-3ABE26CEE101}.AppStore|iPhone.ActiveCfg = Release|Any CPU
		{962E4FCF-5FE6-4756-B555-3ABE26CEE101}.AppStore|iPhone.Build.0 = Release|Any CPU
		{962E4FCF-5FE6-4756-B555-3ABE26CEE101}.AppStore|iPhone.Deploy.0 = Release|Any CPU
		{962E4FCF-5FE6-4756-B555-3ABE26CEE101}.AppStore|iPhoneSimulator.ActiveCfg = Release|Any CPU
		{962E4FCF-5FE6-4756-B555-3ABE26CEE101}.AppStore|iPhoneSimulator.Build.0 = Release|Any CPU
		{962E4FCF-5FE6-4756-B555-3ABE26CEE101}.AppStore|iPhoneSimulator.Deploy.0 = Release|Any CPU
		{962E4FCF-5FE6-4756-B555-3ABE26CEE101}.AppStore|x64.ActiveCfg = Release|Any CPU
		{962E4FCF-5FE6-4756-B555-3ABE26CEE101}.AppStore|x64.Build.0 = Release|Any CPU
		{962E4FCF-5FE6-4756-B555-3ABE26CEE101}.AppStore|x64.Deploy.0 = Release|Any CPU
		{962E4FCF-5FE6-4756-B555-3ABE26CEE101}.AppStore|x86.ActiveCfg = Release|Any CPU
		{962E4FCF-5FE6-4756-B555-3ABE26CEE101}.AppStore|x86.Build.0 = Release|Any CPU
		{962E4FCF-5FE6-4756-B555-3ABE26CEE101}.AppStore|x86.Deploy.0 = Release|Any CPU
		{962E4FCF-5FE6-4756-B555-3ABE26CEE101}.Debug|Any CPU.ActiveCfg = Debug|Any CPU
		{962E4FCF-5FE6-4756-B555-3ABE26CEE101}.Debug|Any CPU.Build.0 = Debug|Any CPU
		{962E4FCF-5FE6-4756-B555-3ABE26CEE101}.Debug|Any CPU.Deploy.0 = Debug|Any CPU
		{962E4FCF-5FE6-4756-B555-3ABE26CEE101}.Debug|ARM.ActiveCfg = Debug|Any CPU
		{962E4FCF-5FE6-4756-B555-3ABE26CEE101}.Debug|ARM.Build.0 = Debug|Any CPU
		{962E4FCF-5FE6-4756-B555-3ABE26CEE101}.Debug|ARM.Deploy.0 = Debug|Any CPU
		{962E4FCF-5FE6-4756-B555-3ABE26CEE101}.Debug|iPhone.ActiveCfg = Debug|Any CPU
		{962E4FCF-5FE6-4756-B555-3ABE26CEE101}.Debug|iPhone.Build.0 = Debug|Any CPU
		{962E4FCF-5FE6-4756-B555-3ABE26CEE101}.Debug|iPhone.Deploy.0 = Debug|Any CPU
		{962E4FCF-5FE6-4756-B555-3ABE26CEE101}.Debug|iPhoneSimulator.ActiveCfg = Debug|Any CPU
		{962E4FCF-5FE6-4756-B555-3ABE26CEE101}.Debug|iPhoneSimulator.Build.0 = Debug|Any CPU
		{962E4FCF-5FE6-4756-B555-3ABE26CEE101}.Debug|iPhoneSimulator.Deploy.0 = Debug|Any CPU
		{962E4FCF-5FE6-4756-B555-3ABE26CEE101}.Debug|x64.ActiveCfg = Debug|Any CPU
		{962E4FCF-5FE6-4756-B555-3ABE26CEE101}.Debug|x64.Build.0 = Debug|Any CPU
		{962E4FCF-5FE6-4756-B555-3ABE26CEE101}.Debug|x64.Deploy.0 = Debug|Any CPU
		{962E4FCF-5FE6-4756-B555-3ABE26CEE101}.Debug|x86.ActiveCfg = Debug|Any CPU
		{962E4FCF-5FE6-4756-B555-3ABE26CEE101}.Debug|x86.Build.0 = Debug|Any CPU
		{962E4FCF-5FE6-4756-B555-3ABE26CEE101}.Debug|x86.Deploy.0 = Debug|Any CPU
		{962E4FCF-5FE6-4756-B555-3ABE26CEE101}.Release|Any CPU.ActiveCfg = Release|Any CPU
		{962E4FCF-5FE6-4756-B555-3ABE26CEE101}.Release|Any CPU.Build.0 = Release|Any CPU
		{962E4FCF-5FE6-4756-B555-3ABE26CEE101}.Release|Any CPU.Deploy.0 = Release|Any CPU
		{962E4FCF-5FE6-4756-B555-3ABE26CEE101}.Release|ARM.ActiveCfg = Release|Any CPU
		{962E4FCF-5FE6-4756-B555-3ABE26CEE101}.Release|ARM.Build.0 = Release|Any CPU
		{962E4FCF-5FE6-4756-B555-3ABE26CEE101}.Release|ARM.Deploy.0 = Release|Any CPU
		{962E4FCF-5FE6-4756-B555-3ABE26CEE101}.Release|iPhone.ActiveCfg = Release|Any CPU
		{962E4FCF-5FE6-4756-B555-3ABE26CEE101}.Release|iPhone.Build.0 = Release|Any CPU
		{962E4FCF-5FE6-4756-B555-3ABE26CEE101}.Release|iPhone.Deploy.0 = Release|Any CPU
		{962E4FCF-5FE6-4756-B555-3ABE26CEE101}.Release|iPhoneSimulator.ActiveCfg = Release|Any CPU
		{962E4FCF-5FE6-4756-B555-3ABE26CEE101}.Release|iPhoneSimulator.Build.0 = Release|Any CPU
		{962E4FCF-5FE6-4756-B555-3ABE26CEE101}.Release|iPhoneSimulator.Deploy.0 = Release|Any CPU
		{962E4FCF-5FE6-4756-B555-3ABE26CEE101}.Release|x64.ActiveCfg = Release|Any CPU
		{962E4FCF-5FE6-4756-B555-3ABE26CEE101}.Release|x64.Build.0 = Release|Any CPU
		{962E4FCF-5FE6-4756-B555-3ABE26CEE101}.Release|x64.Deploy.0 = Release|Any CPU
		{962E4FCF-5FE6-4756-B555-3ABE26CEE101}.Release|x86.ActiveCfg = Release|Any CPU
		{962E4FCF-5FE6-4756-B555-3ABE26CEE101}.Release|x86.Build.0 = Release|Any CPU
		{962E4FCF-5FE6-4756-B555-3ABE26CEE101}.Release|x86.Deploy.0 = Release|Any CPU
		{599D8482-C2DA-46D0-BCD8-18659887DFF3}.Ad-Hoc|Any CPU.ActiveCfg = Debug|Any CPU
		{599D8482-C2DA-46D0-BCD8-18659887DFF3}.Ad-Hoc|Any CPU.Build.0 = Debug|Any CPU
		{599D8482-C2DA-46D0-BCD8-18659887DFF3}.Ad-Hoc|ARM.ActiveCfg = Debug|Any CPU
		{599D8482-C2DA-46D0-BCD8-18659887DFF3}.Ad-Hoc|ARM.Build.0 = Debug|Any CPU
		{599D8482-C2DA-46D0-BCD8-18659887DFF3}.Ad-Hoc|iPhone.ActiveCfg = Debug|Any CPU
		{599D8482-C2DA-46D0-BCD8-18659887DFF3}.Ad-Hoc|iPhone.Build.0 = Debug|Any CPU
		{599D8482-C2DA-46D0-BCD8-18659887DFF3}.Ad-Hoc|iPhoneSimulator.ActiveCfg = Debug|Any CPU
		{599D8482-C2DA-46D0-BCD8-18659887DFF3}.Ad-Hoc|iPhoneSimulator.Build.0 = Debug|Any CPU
		{599D8482-C2DA-46D0-BCD8-18659887DFF3}.Ad-Hoc|x64.ActiveCfg = Debug|Any CPU
		{599D8482-C2DA-46D0-BCD8-18659887DFF3}.Ad-Hoc|x64.Build.0 = Debug|Any CPU
		{599D8482-C2DA-46D0-BCD8-18659887DFF3}.Ad-Hoc|x86.ActiveCfg = Debug|Any CPU
		{599D8482-C2DA-46D0-BCD8-18659887DFF3}.Ad-Hoc|x86.Build.0 = Debug|Any CPU
		{599D8482-C2DA-46D0-BCD8-18659887DFF3}.AppStore|Any CPU.ActiveCfg = Debug|Any CPU
		{599D8482-C2DA-46D0-BCD8-18659887DFF3}.AppStore|Any CPU.Build.0 = Debug|Any CPU
		{599D8482-C2DA-46D0-BCD8-18659887DFF3}.AppStore|ARM.ActiveCfg = Debug|Any CPU
		{599D8482-C2DA-46D0-BCD8-18659887DFF3}.AppStore|ARM.Build.0 = Debug|Any CPU
		{599D8482-C2DA-46D0-BCD8-18659887DFF3}.AppStore|iPhone.ActiveCfg = Debug|Any CPU
		{599D8482-C2DA-46D0-BCD8-18659887DFF3}.AppStore|iPhone.Build.0 = Debug|Any CPU
		{599D8482-C2DA-46D0-BCD8-18659887DFF3}.AppStore|iPhoneSimulator.ActiveCfg = Debug|Any CPU
		{599D8482-C2DA-46D0-BCD8-18659887DFF3}.AppStore|iPhoneSimulator.Build.0 = Debug|Any CPU
		{599D8482-C2DA-46D0-BCD8-18659887DFF3}.AppStore|x64.ActiveCfg = Debug|Any CPU
		{599D8482-C2DA-46D0-BCD8-18659887DFF3}.AppStore|x64.Build.0 = Debug|Any CPU
		{599D8482-C2DA-46D0-BCD8-18659887DFF3}.AppStore|x86.ActiveCfg = Debug|Any CPU
		{599D8482-C2DA-46D0-BCD8-18659887DFF3}.AppStore|x86.Build.0 = Debug|Any CPU
		{599D8482-C2DA-46D0-BCD8-18659887DFF3}.Debug|Any CPU.ActiveCfg = Debug|Any CPU
		{599D8482-C2DA-46D0-BCD8-18659887DFF3}.Debug|Any CPU.Build.0 = Debug|Any CPU
		{599D8482-C2DA-46D0-BCD8-18659887DFF3}.Debug|ARM.ActiveCfg = Debug|Any CPU
		{599D8482-C2DA-46D0-BCD8-18659887DFF3}.Debug|ARM.Build.0 = Debug|Any CPU
		{599D8482-C2DA-46D0-BCD8-18659887DFF3}.Debug|iPhone.ActiveCfg = Debug|Any CPU
		{599D8482-C2DA-46D0-BCD8-18659887DFF3}.Debug|iPhone.Build.0 = Debug|Any CPU
		{599D8482-C2DA-46D0-BCD8-18659887DFF3}.Debug|iPhoneSimulator.ActiveCfg = Debug|Any CPU
		{599D8482-C2DA-46D0-BCD8-18659887DFF3}.Debug|iPhoneSimulator.Build.0 = Debug|Any CPU
		{599D8482-C2DA-46D0-BCD8-18659887DFF3}.Debug|x64.ActiveCfg = Debug|Any CPU
		{599D8482-C2DA-46D0-BCD8-18659887DFF3}.Debug|x64.Build.0 = Debug|Any CPU
		{599D8482-C2DA-46D0-BCD8-18659887DFF3}.Debug|x86.ActiveCfg = Debug|Any CPU
		{599D8482-C2DA-46D0-BCD8-18659887DFF3}.Debug|x86.Build.0 = Debug|Any CPU
		{599D8482-C2DA-46D0-BCD8-18659887DFF3}.Release|Any CPU.ActiveCfg = Release|Any CPU
		{599D8482-C2DA-46D0-BCD8-18659887DFF3}.Release|Any CPU.Build.0 = Release|Any CPU
		{599D8482-C2DA-46D0-BCD8-18659887DFF3}.Release|ARM.ActiveCfg = Release|Any CPU
		{599D8482-C2DA-46D0-BCD8-18659887DFF3}.Release|ARM.Build.0 = Release|Any CPU
		{599D8482-C2DA-46D0-BCD8-18659887DFF3}.Release|iPhone.ActiveCfg = Release|Any CPU
		{599D8482-C2DA-46D0-BCD8-18659887DFF3}.Release|iPhone.Build.0 = Release|Any CPU
		{599D8482-C2DA-46D0-BCD8-18659887DFF3}.Release|iPhoneSimulator.ActiveCfg = Release|Any CPU
		{599D8482-C2DA-46D0-BCD8-18659887DFF3}.Release|iPhoneSimulator.Build.0 = Release|Any CPU
		{599D8482-C2DA-46D0-BCD8-18659887DFF3}.Release|x64.ActiveCfg = Release|Any CPU
		{599D8482-C2DA-46D0-BCD8-18659887DFF3}.Release|x64.Build.0 = Release|Any CPU
		{599D8482-C2DA-46D0-BCD8-18659887DFF3}.Release|x86.ActiveCfg = Release|Any CPU
		{599D8482-C2DA-46D0-BCD8-18659887DFF3}.Release|x86.Build.0 = Release|Any CPU
		{740C80B7-F5B5-430D-90D4-B7935BDEDEA2}.Ad-Hoc|Any CPU.ActiveCfg = Debug|Any CPU
		{740C80B7-F5B5-430D-90D4-B7935BDEDEA2}.Ad-Hoc|Any CPU.Build.0 = Debug|Any CPU
		{740C80B7-F5B5-430D-90D4-B7935BDEDEA2}.Ad-Hoc|ARM.ActiveCfg = Debug|Any CPU
		{740C80B7-F5B5-430D-90D4-B7935BDEDEA2}.Ad-Hoc|ARM.Build.0 = Debug|Any CPU
		{740C80B7-F5B5-430D-90D4-B7935BDEDEA2}.Ad-Hoc|iPhone.ActiveCfg = Debug|Any CPU
		{740C80B7-F5B5-430D-90D4-B7935BDEDEA2}.Ad-Hoc|iPhone.Build.0 = Debug|Any CPU
		{740C80B7-F5B5-430D-90D4-B7935BDEDEA2}.Ad-Hoc|iPhoneSimulator.ActiveCfg = Debug|Any CPU
		{740C80B7-F5B5-430D-90D4-B7935BDEDEA2}.Ad-Hoc|iPhoneSimulator.Build.0 = Debug|Any CPU
		{740C80B7-F5B5-430D-90D4-B7935BDEDEA2}.Ad-Hoc|x64.ActiveCfg = Debug|Any CPU
		{740C80B7-F5B5-430D-90D4-B7935BDEDEA2}.Ad-Hoc|x64.Build.0 = Debug|Any CPU
		{740C80B7-F5B5-430D-90D4-B7935BDEDEA2}.Ad-Hoc|x86.ActiveCfg = Debug|Any CPU
		{740C80B7-F5B5-430D-90D4-B7935BDEDEA2}.Ad-Hoc|x86.Build.0 = Debug|Any CPU
		{740C80B7-F5B5-430D-90D4-B7935BDEDEA2}.AppStore|Any CPU.ActiveCfg = Debug|Any CPU
		{740C80B7-F5B5-430D-90D4-B7935BDEDEA2}.AppStore|Any CPU.Build.0 = Debug|Any CPU
		{740C80B7-F5B5-430D-90D4-B7935BDEDEA2}.AppStore|ARM.ActiveCfg = Debug|Any CPU
		{740C80B7-F5B5-430D-90D4-B7935BDEDEA2}.AppStore|ARM.Build.0 = Debug|Any CPU
		{740C80B7-F5B5-430D-90D4-B7935BDEDEA2}.AppStore|iPhone.ActiveCfg = Debug|Any CPU
		{740C80B7-F5B5-430D-90D4-B7935BDEDEA2}.AppStore|iPhone.Build.0 = Debug|Any CPU
		{740C80B7-F5B5-430D-90D4-B7935BDEDEA2}.AppStore|iPhoneSimulator.ActiveCfg = Debug|Any CPU
		{740C80B7-F5B5-430D-90D4-B7935BDEDEA2}.AppStore|iPhoneSimulator.Build.0 = Debug|Any CPU
		{740C80B7-F5B5-430D-90D4-B7935BDEDEA2}.AppStore|x64.ActiveCfg = Debug|Any CPU
		{740C80B7-F5B5-430D-90D4-B7935BDEDEA2}.AppStore|x64.Build.0 = Debug|Any CPU
		{740C80B7-F5B5-430D-90D4-B7935BDEDEA2}.AppStore|x86.ActiveCfg = Debug|Any CPU
		{740C80B7-F5B5-430D-90D4-B7935BDEDEA2}.AppStore|x86.Build.0 = Debug|Any CPU
		{740C80B7-F5B5-430D-90D4-B7935BDEDEA2}.Debug|Any CPU.ActiveCfg = Debug|Any CPU
		{740C80B7-F5B5-430D-90D4-B7935BDEDEA2}.Debug|Any CPU.Build.0 = Debug|Any CPU
		{740C80B7-F5B5-430D-90D4-B7935BDEDEA2}.Debug|ARM.ActiveCfg = Debug|Any CPU
		{740C80B7-F5B5-430D-90D4-B7935BDEDEA2}.Debug|ARM.Build.0 = Debug|Any CPU
		{740C80B7-F5B5-430D-90D4-B7935BDEDEA2}.Debug|iPhone.ActiveCfg = Debug|Any CPU
		{740C80B7-F5B5-430D-90D4-B7935BDEDEA2}.Debug|iPhone.Build.0 = Debug|Any CPU
		{740C80B7-F5B5-430D-90D4-B7935BDEDEA2}.Debug|iPhoneSimulator.ActiveCfg = Debug|Any CPU
		{740C80B7-F5B5-430D-90D4-B7935BDEDEA2}.Debug|iPhoneSimulator.Build.0 = Debug|Any CPU
		{740C80B7-F5B5-430D-90D4-B7935BDEDEA2}.Debug|x64.ActiveCfg = Debug|Any CPU
		{740C80B7-F5B5-430D-90D4-B7935BDEDEA2}.Debug|x64.Build.0 = Debug|Any CPU
		{740C80B7-F5B5-430D-90D4-B7935BDEDEA2}.Debug|x86.ActiveCfg = Debug|Any CPU
		{740C80B7-F5B5-430D-90D4-B7935BDEDEA2}.Debug|x86.Build.0 = Debug|Any CPU
		{740C80B7-F5B5-430D-90D4-B7935BDEDEA2}.Release|Any CPU.ActiveCfg = Release|Any CPU
		{740C80B7-F5B5-430D-90D4-B7935BDEDEA2}.Release|Any CPU.Build.0 = Release|Any CPU
		{740C80B7-F5B5-430D-90D4-B7935BDEDEA2}.Release|ARM.ActiveCfg = Release|Any CPU
		{740C80B7-F5B5-430D-90D4-B7935BDEDEA2}.Release|ARM.Build.0 = Release|Any CPU
		{740C80B7-F5B5-430D-90D4-B7935BDEDEA2}.Release|iPhone.ActiveCfg = Release|Any CPU
		{740C80B7-F5B5-430D-90D4-B7935BDEDEA2}.Release|iPhone.Build.0 = Release|Any CPU
		{740C80B7-F5B5-430D-90D4-B7935BDEDEA2}.Release|iPhoneSimulator.ActiveCfg = Release|Any CPU
		{740C80B7-F5B5-430D-90D4-B7935BDEDEA2}.Release|iPhoneSimulator.Build.0 = Release|Any CPU
		{740C80B7-F5B5-430D-90D4-B7935BDEDEA2}.Release|x64.ActiveCfg = Release|Any CPU
		{740C80B7-F5B5-430D-90D4-B7935BDEDEA2}.Release|x64.Build.0 = Release|Any CPU
		{740C80B7-F5B5-430D-90D4-B7935BDEDEA2}.Release|x86.ActiveCfg = Release|Any CPU
		{740C80B7-F5B5-430D-90D4-B7935BDEDEA2}.Release|x86.Build.0 = Release|Any CPU
		{695630CE-F28E-42CA-A1CE-372062850EE3}.Ad-Hoc|Any CPU.ActiveCfg = Debug|Any CPU
		{695630CE-F28E-42CA-A1CE-372062850EE3}.Ad-Hoc|Any CPU.Build.0 = Debug|Any CPU
		{695630CE-F28E-42CA-A1CE-372062850EE3}.Ad-Hoc|ARM.ActiveCfg = Debug|Any CPU
		{695630CE-F28E-42CA-A1CE-372062850EE3}.Ad-Hoc|ARM.Build.0 = Debug|Any CPU
		{695630CE-F28E-42CA-A1CE-372062850EE3}.Ad-Hoc|iPhone.ActiveCfg = Debug|Any CPU
		{695630CE-F28E-42CA-A1CE-372062850EE3}.Ad-Hoc|iPhone.Build.0 = Debug|Any CPU
		{695630CE-F28E-42CA-A1CE-372062850EE3}.Ad-Hoc|iPhoneSimulator.ActiveCfg = Debug|Any CPU
		{695630CE-F28E-42CA-A1CE-372062850EE3}.Ad-Hoc|iPhoneSimulator.Build.0 = Debug|Any CPU
		{695630CE-F28E-42CA-A1CE-372062850EE3}.Ad-Hoc|x64.ActiveCfg = Debug|Any CPU
		{695630CE-F28E-42CA-A1CE-372062850EE3}.Ad-Hoc|x64.Build.0 = Debug|Any CPU
		{695630CE-F28E-42CA-A1CE-372062850EE3}.Ad-Hoc|x86.ActiveCfg = Debug|Any CPU
		{695630CE-F28E-42CA-A1CE-372062850EE3}.Ad-Hoc|x86.Build.0 = Debug|Any CPU
		{695630CE-F28E-42CA-A1CE-372062850EE3}.AppStore|Any CPU.ActiveCfg = Debug|Any CPU
		{695630CE-F28E-42CA-A1CE-372062850EE3}.AppStore|Any CPU.Build.0 = Debug|Any CPU
		{695630CE-F28E-42CA-A1CE-372062850EE3}.AppStore|ARM.ActiveCfg = Debug|Any CPU
		{695630CE-F28E-42CA-A1CE-372062850EE3}.AppStore|ARM.Build.0 = Debug|Any CPU
		{695630CE-F28E-42CA-A1CE-372062850EE3}.AppStore|iPhone.ActiveCfg = Debug|Any CPU
		{695630CE-F28E-42CA-A1CE-372062850EE3}.AppStore|iPhone.Build.0 = Debug|Any CPU
		{695630CE-F28E-42CA-A1CE-372062850EE3}.AppStore|iPhoneSimulator.ActiveCfg = Debug|Any CPU
		{695630CE-F28E-42CA-A1CE-372062850EE3}.AppStore|iPhoneSimulator.Build.0 = Debug|Any CPU
		{695630CE-F28E-42CA-A1CE-372062850EE3}.AppStore|x64.ActiveCfg = Debug|Any CPU
		{695630CE-F28E-42CA-A1CE-372062850EE3}.AppStore|x64.Build.0 = Debug|Any CPU
		{695630CE-F28E-42CA-A1CE-372062850EE3}.AppStore|x86.ActiveCfg = Debug|Any CPU
		{695630CE-F28E-42CA-A1CE-372062850EE3}.AppStore|x86.Build.0 = Debug|Any CPU
		{695630CE-F28E-42CA-A1CE-372062850EE3}.Debug|Any CPU.ActiveCfg = Debug|Any CPU
		{695630CE-F28E-42CA-A1CE-372062850EE3}.Debug|Any CPU.Build.0 = Debug|Any CPU
		{695630CE-F28E-42CA-A1CE-372062850EE3}.Debug|ARM.ActiveCfg = Debug|Any CPU
		{695630CE-F28E-42CA-A1CE-372062850EE3}.Debug|ARM.Build.0 = Debug|Any CPU
		{695630CE-F28E-42CA-A1CE-372062850EE3}.Debug|iPhone.ActiveCfg = Debug|Any CPU
		{695630CE-F28E-42CA-A1CE-372062850EE3}.Debug|iPhone.Build.0 = Debug|Any CPU
		{695630CE-F28E-42CA-A1CE-372062850EE3}.Debug|iPhoneSimulator.ActiveCfg = Debug|Any CPU
		{695630CE-F28E-42CA-A1CE-372062850EE3}.Debug|iPhoneSimulator.Build.0 = Debug|Any CPU
		{695630CE-F28E-42CA-A1CE-372062850EE3}.Debug|x64.ActiveCfg = Debug|Any CPU
		{695630CE-F28E-42CA-A1CE-372062850EE3}.Debug|x64.Build.0 = Debug|Any CPU
		{695630CE-F28E-42CA-A1CE-372062850EE3}.Debug|x86.ActiveCfg = Debug|Any CPU
		{695630CE-F28E-42CA-A1CE-372062850EE3}.Debug|x86.Build.0 = Debug|Any CPU
		{695630CE-F28E-42CA-A1CE-372062850EE3}.Release|Any CPU.ActiveCfg = Release|Any CPU
		{695630CE-F28E-42CA-A1CE-372062850EE3}.Release|Any CPU.Build.0 = Release|Any CPU
		{695630CE-F28E-42CA-A1CE-372062850EE3}.Release|ARM.ActiveCfg = Release|Any CPU
		{695630CE-F28E-42CA-A1CE-372062850EE3}.Release|ARM.Build.0 = Release|Any CPU
		{695630CE-F28E-42CA-A1CE-372062850EE3}.Release|iPhone.ActiveCfg = Release|Any CPU
		{695630CE-F28E-42CA-A1CE-372062850EE3}.Release|iPhone.Build.0 = Release|Any CPU
		{695630CE-F28E-42CA-A1CE-372062850EE3}.Release|iPhoneSimulator.ActiveCfg = Release|Any CPU
		{695630CE-F28E-42CA-A1CE-372062850EE3}.Release|iPhoneSimulator.Build.0 = Release|Any CPU
		{695630CE-F28E-42CA-A1CE-372062850EE3}.Release|x64.ActiveCfg = Release|Any CPU
		{695630CE-F28E-42CA-A1CE-372062850EE3}.Release|x64.Build.0 = Release|Any CPU
		{695630CE-F28E-42CA-A1CE-372062850EE3}.Release|x86.ActiveCfg = Release|Any CPU
		{695630CE-F28E-42CA-A1CE-372062850EE3}.Release|x86.Build.0 = Release|Any CPU
		{F49159DE-285F-4553-BD4B-87BD8B6CEC43}.Ad-Hoc|Any CPU.ActiveCfg = Debug|Any CPU
		{F49159DE-285F-4553-BD4B-87BD8B6CEC43}.Ad-Hoc|Any CPU.Build.0 = Debug|Any CPU
		{F49159DE-285F-4553-BD4B-87BD8B6CEC43}.Ad-Hoc|ARM.ActiveCfg = Debug|Any CPU
		{F49159DE-285F-4553-BD4B-87BD8B6CEC43}.Ad-Hoc|ARM.Build.0 = Debug|Any CPU
		{F49159DE-285F-4553-BD4B-87BD8B6CEC43}.Ad-Hoc|iPhone.ActiveCfg = Debug|Any CPU
		{F49159DE-285F-4553-BD4B-87BD8B6CEC43}.Ad-Hoc|iPhone.Build.0 = Debug|Any CPU
		{F49159DE-285F-4553-BD4B-87BD8B6CEC43}.Ad-Hoc|iPhoneSimulator.ActiveCfg = Debug|Any CPU
		{F49159DE-285F-4553-BD4B-87BD8B6CEC43}.Ad-Hoc|iPhoneSimulator.Build.0 = Debug|Any CPU
		{F49159DE-285F-4553-BD4B-87BD8B6CEC43}.Ad-Hoc|x64.ActiveCfg = Debug|Any CPU
		{F49159DE-285F-4553-BD4B-87BD8B6CEC43}.Ad-Hoc|x64.Build.0 = Debug|Any CPU
		{F49159DE-285F-4553-BD4B-87BD8B6CEC43}.Ad-Hoc|x86.ActiveCfg = Debug|Any CPU
		{F49159DE-285F-4553-BD4B-87BD8B6CEC43}.Ad-Hoc|x86.Build.0 = Debug|Any CPU
		{F49159DE-285F-4553-BD4B-87BD8B6CEC43}.AppStore|Any CPU.ActiveCfg = Debug|Any CPU
		{F49159DE-285F-4553-BD4B-87BD8B6CEC43}.AppStore|Any CPU.Build.0 = Debug|Any CPU
		{F49159DE-285F-4553-BD4B-87BD8B6CEC43}.AppStore|ARM.ActiveCfg = Debug|Any CPU
		{F49159DE-285F-4553-BD4B-87BD8B6CEC43}.AppStore|ARM.Build.0 = Debug|Any CPU
		{F49159DE-285F-4553-BD4B-87BD8B6CEC43}.AppStore|iPhone.ActiveCfg = Debug|Any CPU
		{F49159DE-285F-4553-BD4B-87BD8B6CEC43}.AppStore|iPhone.Build.0 = Debug|Any CPU
		{F49159DE-285F-4553-BD4B-87BD8B6CEC43}.AppStore|iPhoneSimulator.ActiveCfg = Debug|Any CPU
		{F49159DE-285F-4553-BD4B-87BD8B6CEC43}.AppStore|iPhoneSimulator.Build.0 = Debug|Any CPU
		{F49159DE-285F-4553-BD4B-87BD8B6CEC43}.AppStore|x64.ActiveCfg = Debug|Any CPU
		{F49159DE-285F-4553-BD4B-87BD8B6CEC43}.AppStore|x64.Build.0 = Debug|Any CPU
		{F49159DE-285F-4553-BD4B-87BD8B6CEC43}.AppStore|x86.ActiveCfg = Debug|Any CPU
		{F49159DE-285F-4553-BD4B-87BD8B6CEC43}.AppStore|x86.Build.0 = Debug|Any CPU
		{F49159DE-285F-4553-BD4B-87BD8B6CEC43}.Debug|Any CPU.ActiveCfg = Debug|Any CPU
		{F49159DE-285F-4553-BD4B-87BD8B6CEC43}.Debug|Any CPU.Build.0 = Debug|Any CPU
		{F49159DE-285F-4553-BD4B-87BD8B6CEC43}.Debug|ARM.ActiveCfg = Debug|Any CPU
		{F49159DE-285F-4553-BD4B-87BD8B6CEC43}.Debug|ARM.Build.0 = Debug|Any CPU
		{F49159DE-285F-4553-BD4B-87BD8B6CEC43}.Debug|iPhone.ActiveCfg = Debug|Any CPU
		{F49159DE-285F-4553-BD4B-87BD8B6CEC43}.Debug|iPhone.Build.0 = Debug|Any CPU
		{F49159DE-285F-4553-BD4B-87BD8B6CEC43}.Debug|iPhoneSimulator.ActiveCfg = Debug|Any CPU
		{F49159DE-285F-4553-BD4B-87BD8B6CEC43}.Debug|iPhoneSimulator.Build.0 = Debug|Any CPU
		{F49159DE-285F-4553-BD4B-87BD8B6CEC43}.Debug|x64.ActiveCfg = Debug|Any CPU
		{F49159DE-285F-4553-BD4B-87BD8B6CEC43}.Debug|x64.Build.0 = Debug|Any CPU
		{F49159DE-285F-4553-BD4B-87BD8B6CEC43}.Debug|x86.ActiveCfg = Debug|Any CPU
		{F49159DE-285F-4553-BD4B-87BD8B6CEC43}.Debug|x86.Build.0 = Debug|Any CPU
		{F49159DE-285F-4553-BD4B-87BD8B6CEC43}.Release|Any CPU.ActiveCfg = Release|Any CPU
		{F49159DE-285F-4553-BD4B-87BD8B6CEC43}.Release|Any CPU.Build.0 = Release|Any CPU
		{F49159DE-285F-4553-BD4B-87BD8B6CEC43}.Release|ARM.ActiveCfg = Release|Any CPU
		{F49159DE-285F-4553-BD4B-87BD8B6CEC43}.Release|ARM.Build.0 = Release|Any CPU
		{F49159DE-285F-4553-BD4B-87BD8B6CEC43}.Release|iPhone.ActiveCfg = Release|Any CPU
		{F49159DE-285F-4553-BD4B-87BD8B6CEC43}.Release|iPhone.Build.0 = Release|Any CPU
		{F49159DE-285F-4553-BD4B-87BD8B6CEC43}.Release|iPhoneSimulator.ActiveCfg = Release|Any CPU
		{F49159DE-285F-4553-BD4B-87BD8B6CEC43}.Release|iPhoneSimulator.Build.0 = Release|Any CPU
		{F49159DE-285F-4553-BD4B-87BD8B6CEC43}.Release|x64.ActiveCfg = Release|Any CPU
		{F49159DE-285F-4553-BD4B-87BD8B6CEC43}.Release|x64.Build.0 = Release|Any CPU
		{F49159DE-285F-4553-BD4B-87BD8B6CEC43}.Release|x86.ActiveCfg = Release|Any CPU
		{F49159DE-285F-4553-BD4B-87BD8B6CEC43}.Release|x86.Build.0 = Release|Any CPU
		{93737707-0182-493A-8870-15AD693AB496}.Ad-Hoc|Any CPU.ActiveCfg = Debug|Any CPU
		{93737707-0182-493A-8870-15AD693AB496}.Ad-Hoc|Any CPU.Build.0 = Debug|Any CPU
		{93737707-0182-493A-8870-15AD693AB496}.Ad-Hoc|ARM.ActiveCfg = Debug|Any CPU
		{93737707-0182-493A-8870-15AD693AB496}.Ad-Hoc|ARM.Build.0 = Debug|Any CPU
		{93737707-0182-493A-8870-15AD693AB496}.Ad-Hoc|iPhone.ActiveCfg = Debug|Any CPU
		{93737707-0182-493A-8870-15AD693AB496}.Ad-Hoc|iPhone.Build.0 = Debug|Any CPU
		{93737707-0182-493A-8870-15AD693AB496}.Ad-Hoc|iPhoneSimulator.ActiveCfg = Debug|Any CPU
		{93737707-0182-493A-8870-15AD693AB496}.Ad-Hoc|iPhoneSimulator.Build.0 = Debug|Any CPU
		{93737707-0182-493A-8870-15AD693AB496}.Ad-Hoc|x64.ActiveCfg = Debug|Any CPU
		{93737707-0182-493A-8870-15AD693AB496}.Ad-Hoc|x64.Build.0 = Debug|Any CPU
		{93737707-0182-493A-8870-15AD693AB496}.Ad-Hoc|x86.ActiveCfg = Debug|Any CPU
		{93737707-0182-493A-8870-15AD693AB496}.Ad-Hoc|x86.Build.0 = Debug|Any CPU
		{93737707-0182-493A-8870-15AD693AB496}.AppStore|Any CPU.ActiveCfg = Debug|Any CPU
		{93737707-0182-493A-8870-15AD693AB496}.AppStore|Any CPU.Build.0 = Debug|Any CPU
		{93737707-0182-493A-8870-15AD693AB496}.AppStore|ARM.ActiveCfg = Debug|Any CPU
		{93737707-0182-493A-8870-15AD693AB496}.AppStore|ARM.Build.0 = Debug|Any CPU
		{93737707-0182-493A-8870-15AD693AB496}.AppStore|iPhone.ActiveCfg = Debug|Any CPU
		{93737707-0182-493A-8870-15AD693AB496}.AppStore|iPhone.Build.0 = Debug|Any CPU
		{93737707-0182-493A-8870-15AD693AB496}.AppStore|iPhoneSimulator.ActiveCfg = Debug|Any CPU
		{93737707-0182-493A-8870-15AD693AB496}.AppStore|iPhoneSimulator.Build.0 = Debug|Any CPU
		{93737707-0182-493A-8870-15AD693AB496}.AppStore|x64.ActiveCfg = Debug|Any CPU
		{93737707-0182-493A-8870-15AD693AB496}.AppStore|x64.Build.0 = Debug|Any CPU
		{93737707-0182-493A-8870-15AD693AB496}.AppStore|x86.ActiveCfg = Debug|Any CPU
		{93737707-0182-493A-8870-15AD693AB496}.AppStore|x86.Build.0 = Debug|Any CPU
		{93737707-0182-493A-8870-15AD693AB496}.Debug|Any CPU.ActiveCfg = Debug|Any CPU
		{93737707-0182-493A-8870-15AD693AB496}.Debug|Any CPU.Build.0 = Debug|Any CPU
		{93737707-0182-493A-8870-15AD693AB496}.Debug|ARM.ActiveCfg = Debug|Any CPU
		{93737707-0182-493A-8870-15AD693AB496}.Debug|ARM.Build.0 = Debug|Any CPU
		{93737707-0182-493A-8870-15AD693AB496}.Debug|iPhone.ActiveCfg = Debug|Any CPU
		{93737707-0182-493A-8870-15AD693AB496}.Debug|iPhone.Build.0 = Debug|Any CPU
		{93737707-0182-493A-8870-15AD693AB496}.Debug|iPhoneSimulator.ActiveCfg = Debug|Any CPU
		{93737707-0182-493A-8870-15AD693AB496}.Debug|iPhoneSimulator.Build.0 = Debug|Any CPU
		{93737707-0182-493A-8870-15AD693AB496}.Debug|x64.ActiveCfg = Debug|Any CPU
		{93737707-0182-493A-8870-15AD693AB496}.Debug|x64.Build.0 = Debug|Any CPU
		{93737707-0182-493A-8870-15AD693AB496}.Debug|x86.ActiveCfg = Debug|Any CPU
		{93737707-0182-493A-8870-15AD693AB496}.Debug|x86.Build.0 = Debug|Any CPU
		{93737707-0182-493A-8870-15AD693AB496}.Release|Any CPU.ActiveCfg = Release|Any CPU
		{93737707-0182-493A-8870-15AD693AB496}.Release|Any CPU.Build.0 = Release|Any CPU
		{93737707-0182-493A-8870-15AD693AB496}.Release|ARM.ActiveCfg = Release|Any CPU
		{93737707-0182-493A-8870-15AD693AB496}.Release|ARM.Build.0 = Release|Any CPU
		{93737707-0182-493A-8870-15AD693AB496}.Release|iPhone.ActiveCfg = Release|Any CPU
		{93737707-0182-493A-8870-15AD693AB496}.Release|iPhone.Build.0 = Release|Any CPU
		{93737707-0182-493A-8870-15AD693AB496}.Release|iPhoneSimulator.ActiveCfg = Release|Any CPU
		{93737707-0182-493A-8870-15AD693AB496}.Release|iPhoneSimulator.Build.0 = Release|Any CPU
		{93737707-0182-493A-8870-15AD693AB496}.Release|x64.ActiveCfg = Release|Any CPU
		{93737707-0182-493A-8870-15AD693AB496}.Release|x64.Build.0 = Release|Any CPU
		{93737707-0182-493A-8870-15AD693AB496}.Release|x86.ActiveCfg = Release|Any CPU
		{93737707-0182-493A-8870-15AD693AB496}.Release|x86.Build.0 = Release|Any CPU
		{AED62D92-569A-4F39-8EB1-3C44537E75BF}.Ad-Hoc|Any CPU.ActiveCfg = Release|Any CPU
		{AED62D92-569A-4F39-8EB1-3C44537E75BF}.Ad-Hoc|Any CPU.Build.0 = Release|Any CPU
		{AED62D92-569A-4F39-8EB1-3C44537E75BF}.Ad-Hoc|ARM.ActiveCfg = Release|Any CPU
		{AED62D92-569A-4F39-8EB1-3C44537E75BF}.Ad-Hoc|ARM.Build.0 = Release|Any CPU
		{AED62D92-569A-4F39-8EB1-3C44537E75BF}.Ad-Hoc|iPhone.ActiveCfg = Release|Any CPU
		{AED62D92-569A-4F39-8EB1-3C44537E75BF}.Ad-Hoc|iPhone.Build.0 = Release|Any CPU
		{AED62D92-569A-4F39-8EB1-3C44537E75BF}.Ad-Hoc|iPhoneSimulator.ActiveCfg = Release|Any CPU
		{AED62D92-569A-4F39-8EB1-3C44537E75BF}.Ad-Hoc|iPhoneSimulator.Build.0 = Release|Any CPU
		{AED62D92-569A-4F39-8EB1-3C44537E75BF}.Ad-Hoc|x64.ActiveCfg = Release|Any CPU
		{AED62D92-569A-4F39-8EB1-3C44537E75BF}.Ad-Hoc|x64.Build.0 = Release|Any CPU
		{AED62D92-569A-4F39-8EB1-3C44537E75BF}.Ad-Hoc|x86.ActiveCfg = Release|Any CPU
		{AED62D92-569A-4F39-8EB1-3C44537E75BF}.Ad-Hoc|x86.Build.0 = Release|Any CPU
		{AED62D92-569A-4F39-8EB1-3C44537E75BF}.AppStore|Any CPU.ActiveCfg = Release|Any CPU
		{AED62D92-569A-4F39-8EB1-3C44537E75BF}.AppStore|Any CPU.Build.0 = Release|Any CPU
		{AED62D92-569A-4F39-8EB1-3C44537E75BF}.AppStore|ARM.ActiveCfg = Release|Any CPU
		{AED62D92-569A-4F39-8EB1-3C44537E75BF}.AppStore|ARM.Build.0 = Release|Any CPU
		{AED62D92-569A-4F39-8EB1-3C44537E75BF}.AppStore|iPhone.ActiveCfg = Release|Any CPU
		{AED62D92-569A-4F39-8EB1-3C44537E75BF}.AppStore|iPhone.Build.0 = Release|Any CPU
		{AED62D92-569A-4F39-8EB1-3C44537E75BF}.AppStore|iPhoneSimulator.ActiveCfg = Release|Any CPU
		{AED62D92-569A-4F39-8EB1-3C44537E75BF}.AppStore|iPhoneSimulator.Build.0 = Release|Any CPU
		{AED62D92-569A-4F39-8EB1-3C44537E75BF}.AppStore|x64.ActiveCfg = Release|Any CPU
		{AED62D92-569A-4F39-8EB1-3C44537E75BF}.AppStore|x64.Build.0 = Release|Any CPU
		{AED62D92-569A-4F39-8EB1-3C44537E75BF}.AppStore|x86.ActiveCfg = Release|Any CPU
		{AED62D92-569A-4F39-8EB1-3C44537E75BF}.AppStore|x86.Build.0 = Release|Any CPU
		{AED62D92-569A-4F39-8EB1-3C44537E75BF}.Debug|Any CPU.ActiveCfg = Debug|Any CPU
		{AED62D92-569A-4F39-8EB1-3C44537E75BF}.Debug|Any CPU.Build.0 = Debug|Any CPU
		{AED62D92-569A-4F39-8EB1-3C44537E75BF}.Debug|ARM.ActiveCfg = Debug|Any CPU
		{AED62D92-569A-4F39-8EB1-3C44537E75BF}.Debug|ARM.Build.0 = Debug|Any CPU
		{AED62D92-569A-4F39-8EB1-3C44537E75BF}.Debug|iPhone.ActiveCfg = Debug|Any CPU
		{AED62D92-569A-4F39-8EB1-3C44537E75BF}.Debug|iPhone.Build.0 = Debug|Any CPU
		{AED62D92-569A-4F39-8EB1-3C44537E75BF}.Debug|iPhoneSimulator.ActiveCfg = Debug|Any CPU
		{AED62D92-569A-4F39-8EB1-3C44537E75BF}.Debug|iPhoneSimulator.Build.0 = Debug|Any CPU
		{AED62D92-569A-4F39-8EB1-3C44537E75BF}.Debug|x64.ActiveCfg = Debug|Any CPU
		{AED62D92-569A-4F39-8EB1-3C44537E75BF}.Debug|x64.Build.0 = Debug|Any CPU
		{AED62D92-569A-4F39-8EB1-3C44537E75BF}.Debug|x86.ActiveCfg = Debug|Any CPU
		{AED62D92-569A-4F39-8EB1-3C44537E75BF}.Debug|x86.Build.0 = Debug|Any CPU
		{AED62D92-569A-4F39-8EB1-3C44537E75BF}.Release|Any CPU.ActiveCfg = Release|Any CPU
		{AED62D92-569A-4F39-8EB1-3C44537E75BF}.Release|Any CPU.Build.0 = Release|Any CPU
		{AED62D92-569A-4F39-8EB1-3C44537E75BF}.Release|ARM.ActiveCfg = Release|Any CPU
		{AED62D92-569A-4F39-8EB1-3C44537E75BF}.Release|ARM.Build.0 = Release|Any CPU
		{AED62D92-569A-4F39-8EB1-3C44537E75BF}.Release|iPhone.ActiveCfg = Release|Any CPU
		{AED62D92-569A-4F39-8EB1-3C44537E75BF}.Release|iPhone.Build.0 = Release|Any CPU
		{AED62D92-569A-4F39-8EB1-3C44537E75BF}.Release|iPhoneSimulator.ActiveCfg = Release|Any CPU
		{AED62D92-569A-4F39-8EB1-3C44537E75BF}.Release|iPhoneSimulator.Build.0 = Release|Any CPU
		{AED62D92-569A-4F39-8EB1-3C44537E75BF}.Release|x64.ActiveCfg = Release|Any CPU
		{AED62D92-569A-4F39-8EB1-3C44537E75BF}.Release|x64.Build.0 = Release|Any CPU
		{AED62D92-569A-4F39-8EB1-3C44537E75BF}.Release|x86.ActiveCfg = Release|Any CPU
		{AED62D92-569A-4F39-8EB1-3C44537E75BF}.Release|x86.Build.0 = Release|Any CPU
		{EDF9196A-6CD2-4229-B04E-E8A0AFF0F2CF}.Ad-Hoc|Any CPU.ActiveCfg = Debug|Any CPU
		{EDF9196A-6CD2-4229-B04E-E8A0AFF0F2CF}.Ad-Hoc|Any CPU.Build.0 = Debug|Any CPU
		{EDF9196A-6CD2-4229-B04E-E8A0AFF0F2CF}.Ad-Hoc|ARM.ActiveCfg = Debug|Any CPU
		{EDF9196A-6CD2-4229-B04E-E8A0AFF0F2CF}.Ad-Hoc|ARM.Build.0 = Debug|Any CPU
		{EDF9196A-6CD2-4229-B04E-E8A0AFF0F2CF}.Ad-Hoc|iPhone.ActiveCfg = Debug|Any CPU
		{EDF9196A-6CD2-4229-B04E-E8A0AFF0F2CF}.Ad-Hoc|iPhone.Build.0 = Debug|Any CPU
		{EDF9196A-6CD2-4229-B04E-E8A0AFF0F2CF}.Ad-Hoc|iPhoneSimulator.ActiveCfg = Debug|Any CPU
		{EDF9196A-6CD2-4229-B04E-E8A0AFF0F2CF}.Ad-Hoc|iPhoneSimulator.Build.0 = Debug|Any CPU
		{EDF9196A-6CD2-4229-B04E-E8A0AFF0F2CF}.Ad-Hoc|x64.ActiveCfg = Debug|Any CPU
		{EDF9196A-6CD2-4229-B04E-E8A0AFF0F2CF}.Ad-Hoc|x64.Build.0 = Debug|Any CPU
		{EDF9196A-6CD2-4229-B04E-E8A0AFF0F2CF}.Ad-Hoc|x86.ActiveCfg = Debug|Any CPU
		{EDF9196A-6CD2-4229-B04E-E8A0AFF0F2CF}.Ad-Hoc|x86.Build.0 = Debug|Any CPU
		{EDF9196A-6CD2-4229-B04E-E8A0AFF0F2CF}.AppStore|Any CPU.ActiveCfg = Debug|Any CPU
		{EDF9196A-6CD2-4229-B04E-E8A0AFF0F2CF}.AppStore|Any CPU.Build.0 = Debug|Any CPU
		{EDF9196A-6CD2-4229-B04E-E8A0AFF0F2CF}.AppStore|ARM.ActiveCfg = Debug|Any CPU
		{EDF9196A-6CD2-4229-B04E-E8A0AFF0F2CF}.AppStore|ARM.Build.0 = Debug|Any CPU
		{EDF9196A-6CD2-4229-B04E-E8A0AFF0F2CF}.AppStore|iPhone.ActiveCfg = Debug|Any CPU
		{EDF9196A-6CD2-4229-B04E-E8A0AFF0F2CF}.AppStore|iPhone.Build.0 = Debug|Any CPU
		{EDF9196A-6CD2-4229-B04E-E8A0AFF0F2CF}.AppStore|iPhoneSimulator.ActiveCfg = Debug|Any CPU
		{EDF9196A-6CD2-4229-B04E-E8A0AFF0F2CF}.AppStore|iPhoneSimulator.Build.0 = Debug|Any CPU
		{EDF9196A-6CD2-4229-B04E-E8A0AFF0F2CF}.AppStore|x64.ActiveCfg = Debug|Any CPU
		{EDF9196A-6CD2-4229-B04E-E8A0AFF0F2CF}.AppStore|x64.Build.0 = Debug|Any CPU
		{EDF9196A-6CD2-4229-B04E-E8A0AFF0F2CF}.AppStore|x86.ActiveCfg = Debug|Any CPU
		{EDF9196A-6CD2-4229-B04E-E8A0AFF0F2CF}.AppStore|x86.Build.0 = Debug|Any CPU
		{EDF9196A-6CD2-4229-B04E-E8A0AFF0F2CF}.Debug|Any CPU.ActiveCfg = Debug|Any CPU
		{EDF9196A-6CD2-4229-B04E-E8A0AFF0F2CF}.Debug|Any CPU.Build.0 = Debug|Any CPU
		{EDF9196A-6CD2-4229-B04E-E8A0AFF0F2CF}.Debug|ARM.ActiveCfg = Debug|Any CPU
		{EDF9196A-6CD2-4229-B04E-E8A0AFF0F2CF}.Debug|ARM.Build.0 = Debug|Any CPU
		{EDF9196A-6CD2-4229-B04E-E8A0AFF0F2CF}.Debug|iPhone.ActiveCfg = Debug|Any CPU
		{EDF9196A-6CD2-4229-B04E-E8A0AFF0F2CF}.Debug|iPhone.Build.0 = Debug|Any CPU
		{EDF9196A-6CD2-4229-B04E-E8A0AFF0F2CF}.Debug|iPhoneSimulator.ActiveCfg = Debug|Any CPU
		{EDF9196A-6CD2-4229-B04E-E8A0AFF0F2CF}.Debug|iPhoneSimulator.Build.0 = Debug|Any CPU
		{EDF9196A-6CD2-4229-B04E-E8A0AFF0F2CF}.Debug|x64.ActiveCfg = Debug|Any CPU
		{EDF9196A-6CD2-4229-B04E-E8A0AFF0F2CF}.Debug|x64.Build.0 = Debug|Any CPU
		{EDF9196A-6CD2-4229-B04E-E8A0AFF0F2CF}.Debug|x86.ActiveCfg = Debug|Any CPU
		{EDF9196A-6CD2-4229-B04E-E8A0AFF0F2CF}.Debug|x86.Build.0 = Debug|Any CPU
		{EDF9196A-6CD2-4229-B04E-E8A0AFF0F2CF}.Release|Any CPU.ActiveCfg = Release|Any CPU
		{EDF9196A-6CD2-4229-B04E-E8A0AFF0F2CF}.Release|Any CPU.Build.0 = Release|Any CPU
		{EDF9196A-6CD2-4229-B04E-E8A0AFF0F2CF}.Release|ARM.ActiveCfg = Release|Any CPU
		{EDF9196A-6CD2-4229-B04E-E8A0AFF0F2CF}.Release|ARM.Build.0 = Release|Any CPU
		{EDF9196A-6CD2-4229-B04E-E8A0AFF0F2CF}.Release|iPhone.ActiveCfg = Release|Any CPU
		{EDF9196A-6CD2-4229-B04E-E8A0AFF0F2CF}.Release|iPhone.Build.0 = Release|Any CPU
		{EDF9196A-6CD2-4229-B04E-E8A0AFF0F2CF}.Release|iPhoneSimulator.ActiveCfg = Release|Any CPU
		{EDF9196A-6CD2-4229-B04E-E8A0AFF0F2CF}.Release|iPhoneSimulator.Build.0 = Release|Any CPU
		{EDF9196A-6CD2-4229-B04E-E8A0AFF0F2CF}.Release|x64.ActiveCfg = Release|Any CPU
		{EDF9196A-6CD2-4229-B04E-E8A0AFF0F2CF}.Release|x64.Build.0 = Release|Any CPU
		{EDF9196A-6CD2-4229-B04E-E8A0AFF0F2CF}.Release|x86.ActiveCfg = Release|Any CPU
		{EDF9196A-6CD2-4229-B04E-E8A0AFF0F2CF}.Release|x86.Build.0 = Release|Any CPU
		{99C205AF-8042-4725-A0FC-03A64E2039DF}.Ad-Hoc|Any CPU.ActiveCfg = Debug|Any CPU
		{99C205AF-8042-4725-A0FC-03A64E2039DF}.Ad-Hoc|Any CPU.Build.0 = Debug|Any CPU
		{99C205AF-8042-4725-A0FC-03A64E2039DF}.Ad-Hoc|ARM.ActiveCfg = Debug|Any CPU
		{99C205AF-8042-4725-A0FC-03A64E2039DF}.Ad-Hoc|ARM.Build.0 = Debug|Any CPU
		{99C205AF-8042-4725-A0FC-03A64E2039DF}.Ad-Hoc|iPhone.ActiveCfg = Debug|Any CPU
		{99C205AF-8042-4725-A0FC-03A64E2039DF}.Ad-Hoc|iPhone.Build.0 = Debug|Any CPU
		{99C205AF-8042-4725-A0FC-03A64E2039DF}.Ad-Hoc|iPhoneSimulator.ActiveCfg = Debug|Any CPU
		{99C205AF-8042-4725-A0FC-03A64E2039DF}.Ad-Hoc|iPhoneSimulator.Build.0 = Debug|Any CPU
		{99C205AF-8042-4725-A0FC-03A64E2039DF}.Ad-Hoc|x64.ActiveCfg = Debug|Any CPU
		{99C205AF-8042-4725-A0FC-03A64E2039DF}.Ad-Hoc|x64.Build.0 = Debug|Any CPU
		{99C205AF-8042-4725-A0FC-03A64E2039DF}.Ad-Hoc|x86.ActiveCfg = Debug|Any CPU
		{99C205AF-8042-4725-A0FC-03A64E2039DF}.Ad-Hoc|x86.Build.0 = Debug|Any CPU
		{99C205AF-8042-4725-A0FC-03A64E2039DF}.AppStore|Any CPU.ActiveCfg = Debug|Any CPU
		{99C205AF-8042-4725-A0FC-03A64E2039DF}.AppStore|Any CPU.Build.0 = Debug|Any CPU
		{99C205AF-8042-4725-A0FC-03A64E2039DF}.AppStore|ARM.ActiveCfg = Debug|Any CPU
		{99C205AF-8042-4725-A0FC-03A64E2039DF}.AppStore|ARM.Build.0 = Debug|Any CPU
		{99C205AF-8042-4725-A0FC-03A64E2039DF}.AppStore|iPhone.ActiveCfg = Debug|Any CPU
		{99C205AF-8042-4725-A0FC-03A64E2039DF}.AppStore|iPhone.Build.0 = Debug|Any CPU
		{99C205AF-8042-4725-A0FC-03A64E2039DF}.AppStore|iPhoneSimulator.ActiveCfg = Debug|Any CPU
		{99C205AF-8042-4725-A0FC-03A64E2039DF}.AppStore|iPhoneSimulator.Build.0 = Debug|Any CPU
		{99C205AF-8042-4725-A0FC-03A64E2039DF}.AppStore|x64.ActiveCfg = Debug|Any CPU
		{99C205AF-8042-4725-A0FC-03A64E2039DF}.AppStore|x64.Build.0 = Debug|Any CPU
		{99C205AF-8042-4725-A0FC-03A64E2039DF}.AppStore|x86.ActiveCfg = Debug|Any CPU
		{99C205AF-8042-4725-A0FC-03A64E2039DF}.AppStore|x86.Build.0 = Debug|Any CPU
		{99C205AF-8042-4725-A0FC-03A64E2039DF}.Debug|Any CPU.ActiveCfg = Debug|Any CPU
		{99C205AF-8042-4725-A0FC-03A64E2039DF}.Debug|Any CPU.Build.0 = Debug|Any CPU
		{99C205AF-8042-4725-A0FC-03A64E2039DF}.Debug|ARM.ActiveCfg = Debug|Any CPU
		{99C205AF-8042-4725-A0FC-03A64E2039DF}.Debug|ARM.Build.0 = Debug|Any CPU
		{99C205AF-8042-4725-A0FC-03A64E2039DF}.Debug|iPhone.ActiveCfg = Debug|Any CPU
		{99C205AF-8042-4725-A0FC-03A64E2039DF}.Debug|iPhone.Build.0 = Debug|Any CPU
		{99C205AF-8042-4725-A0FC-03A64E2039DF}.Debug|iPhoneSimulator.ActiveCfg = Debug|Any CPU
		{99C205AF-8042-4725-A0FC-03A64E2039DF}.Debug|iPhoneSimulator.Build.0 = Debug|Any CPU
		{99C205AF-8042-4725-A0FC-03A64E2039DF}.Debug|x64.ActiveCfg = Debug|Any CPU
		{99C205AF-8042-4725-A0FC-03A64E2039DF}.Debug|x64.Build.0 = Debug|Any CPU
		{99C205AF-8042-4725-A0FC-03A64E2039DF}.Debug|x86.ActiveCfg = Debug|Any CPU
		{99C205AF-8042-4725-A0FC-03A64E2039DF}.Debug|x86.Build.0 = Debug|Any CPU
		{99C205AF-8042-4725-A0FC-03A64E2039DF}.Release|Any CPU.ActiveCfg = Release|Any CPU
		{99C205AF-8042-4725-A0FC-03A64E2039DF}.Release|Any CPU.Build.0 = Release|Any CPU
		{99C205AF-8042-4725-A0FC-03A64E2039DF}.Release|ARM.ActiveCfg = Release|Any CPU
		{99C205AF-8042-4725-A0FC-03A64E2039DF}.Release|ARM.Build.0 = Release|Any CPU
		{99C205AF-8042-4725-A0FC-03A64E2039DF}.Release|iPhone.ActiveCfg = Release|Any CPU
		{99C205AF-8042-4725-A0FC-03A64E2039DF}.Release|iPhone.Build.0 = Release|Any CPU
		{99C205AF-8042-4725-A0FC-03A64E2039DF}.Release|iPhoneSimulator.ActiveCfg = Release|Any CPU
		{99C205AF-8042-4725-A0FC-03A64E2039DF}.Release|iPhoneSimulator.Build.0 = Release|Any CPU
		{99C205AF-8042-4725-A0FC-03A64E2039DF}.Release|x64.ActiveCfg = Release|Any CPU
		{99C205AF-8042-4725-A0FC-03A64E2039DF}.Release|x64.Build.0 = Release|Any CPU
		{99C205AF-8042-4725-A0FC-03A64E2039DF}.Release|x86.ActiveCfg = Release|Any CPU
		{99C205AF-8042-4725-A0FC-03A64E2039DF}.Release|x86.Build.0 = Release|Any CPU
		{82DFF16E-9F75-4BD7-BCC8-5B76CD84FAC1}.Ad-Hoc|Any CPU.ActiveCfg = Debug|Any CPU
		{82DFF16E-9F75-4BD7-BCC8-5B76CD84FAC1}.Ad-Hoc|Any CPU.Build.0 = Debug|Any CPU
		{82DFF16E-9F75-4BD7-BCC8-5B76CD84FAC1}.Ad-Hoc|ARM.ActiveCfg = Debug|Any CPU
		{82DFF16E-9F75-4BD7-BCC8-5B76CD84FAC1}.Ad-Hoc|ARM.Build.0 = Debug|Any CPU
		{82DFF16E-9F75-4BD7-BCC8-5B76CD84FAC1}.Ad-Hoc|iPhone.ActiveCfg = Debug|Any CPU
		{82DFF16E-9F75-4BD7-BCC8-5B76CD84FAC1}.Ad-Hoc|iPhone.Build.0 = Debug|Any CPU
		{82DFF16E-9F75-4BD7-BCC8-5B76CD84FAC1}.Ad-Hoc|iPhoneSimulator.ActiveCfg = Debug|Any CPU
		{82DFF16E-9F75-4BD7-BCC8-5B76CD84FAC1}.Ad-Hoc|iPhoneSimulator.Build.0 = Debug|Any CPU
		{82DFF16E-9F75-4BD7-BCC8-5B76CD84FAC1}.Ad-Hoc|x64.ActiveCfg = Debug|Any CPU
		{82DFF16E-9F75-4BD7-BCC8-5B76CD84FAC1}.Ad-Hoc|x64.Build.0 = Debug|Any CPU
		{82DFF16E-9F75-4BD7-BCC8-5B76CD84FAC1}.Ad-Hoc|x86.ActiveCfg = Debug|Any CPU
		{82DFF16E-9F75-4BD7-BCC8-5B76CD84FAC1}.Ad-Hoc|x86.Build.0 = Debug|Any CPU
		{82DFF16E-9F75-4BD7-BCC8-5B76CD84FAC1}.AppStore|Any CPU.ActiveCfg = Debug|Any CPU
		{82DFF16E-9F75-4BD7-BCC8-5B76CD84FAC1}.AppStore|Any CPU.Build.0 = Debug|Any CPU
		{82DFF16E-9F75-4BD7-BCC8-5B76CD84FAC1}.AppStore|ARM.ActiveCfg = Debug|Any CPU
		{82DFF16E-9F75-4BD7-BCC8-5B76CD84FAC1}.AppStore|ARM.Build.0 = Debug|Any CPU
		{82DFF16E-9F75-4BD7-BCC8-5B76CD84FAC1}.AppStore|iPhone.ActiveCfg = Debug|Any CPU
		{82DFF16E-9F75-4BD7-BCC8-5B76CD84FAC1}.AppStore|iPhone.Build.0 = Debug|Any CPU
		{82DFF16E-9F75-4BD7-BCC8-5B76CD84FAC1}.AppStore|iPhoneSimulator.ActiveCfg = Debug|Any CPU
		{82DFF16E-9F75-4BD7-BCC8-5B76CD84FAC1}.AppStore|iPhoneSimulator.Build.0 = Debug|Any CPU
		{82DFF16E-9F75-4BD7-BCC8-5B76CD84FAC1}.AppStore|x64.ActiveCfg = Debug|Any CPU
		{82DFF16E-9F75-4BD7-BCC8-5B76CD84FAC1}.AppStore|x64.Build.0 = Debug|Any CPU
		{82DFF16E-9F75-4BD7-BCC8-5B76CD84FAC1}.AppStore|x86.ActiveCfg = Debug|Any CPU
		{82DFF16E-9F75-4BD7-BCC8-5B76CD84FAC1}.AppStore|x86.Build.0 = Debug|Any CPU
		{82DFF16E-9F75-4BD7-BCC8-5B76CD84FAC1}.Debug|Any CPU.ActiveCfg = Debug|Any CPU
		{82DFF16E-9F75-4BD7-BCC8-5B76CD84FAC1}.Debug|Any CPU.Build.0 = Debug|Any CPU
		{82DFF16E-9F75-4BD7-BCC8-5B76CD84FAC1}.Debug|ARM.ActiveCfg = Debug|Any CPU
		{82DFF16E-9F75-4BD7-BCC8-5B76CD84FAC1}.Debug|ARM.Build.0 = Debug|Any CPU
		{82DFF16E-9F75-4BD7-BCC8-5B76CD84FAC1}.Debug|iPhone.ActiveCfg = Debug|Any CPU
		{82DFF16E-9F75-4BD7-BCC8-5B76CD84FAC1}.Debug|iPhone.Build.0 = Debug|Any CPU
		{82DFF16E-9F75-4BD7-BCC8-5B76CD84FAC1}.Debug|iPhoneSimulator.ActiveCfg = Debug|Any CPU
		{82DFF16E-9F75-4BD7-BCC8-5B76CD84FAC1}.Debug|iPhoneSimulator.Build.0 = Debug|Any CPU
		{82DFF16E-9F75-4BD7-BCC8-5B76CD84FAC1}.Debug|x64.ActiveCfg = Debug|Any CPU
		{82DFF16E-9F75-4BD7-BCC8-5B76CD84FAC1}.Debug|x64.Build.0 = Debug|Any CPU
		{82DFF16E-9F75-4BD7-BCC8-5B76CD84FAC1}.Debug|x86.ActiveCfg = Debug|Any CPU
		{82DFF16E-9F75-4BD7-BCC8-5B76CD84FAC1}.Debug|x86.Build.0 = Debug|Any CPU
		{82DFF16E-9F75-4BD7-BCC8-5B76CD84FAC1}.Release|Any CPU.ActiveCfg = Release|Any CPU
		{82DFF16E-9F75-4BD7-BCC8-5B76CD84FAC1}.Release|Any CPU.Build.0 = Release|Any CPU
		{82DFF16E-9F75-4BD7-BCC8-5B76CD84FAC1}.Release|ARM.ActiveCfg = Release|Any CPU
		{82DFF16E-9F75-4BD7-BCC8-5B76CD84FAC1}.Release|ARM.Build.0 = Release|Any CPU
		{82DFF16E-9F75-4BD7-BCC8-5B76CD84FAC1}.Release|iPhone.ActiveCfg = Release|Any CPU
		{82DFF16E-9F75-4BD7-BCC8-5B76CD84FAC1}.Release|iPhone.Build.0 = Release|Any CPU
		{82DFF16E-9F75-4BD7-BCC8-5B76CD84FAC1}.Release|iPhoneSimulator.ActiveCfg = Release|Any CPU
		{82DFF16E-9F75-4BD7-BCC8-5B76CD84FAC1}.Release|iPhoneSimulator.Build.0 = Release|Any CPU
		{82DFF16E-9F75-4BD7-BCC8-5B76CD84FAC1}.Release|x64.ActiveCfg = Release|Any CPU
		{82DFF16E-9F75-4BD7-BCC8-5B76CD84FAC1}.Release|x64.Build.0 = Release|Any CPU
		{82DFF16E-9F75-4BD7-BCC8-5B76CD84FAC1}.Release|x86.ActiveCfg = Release|Any CPU
		{82DFF16E-9F75-4BD7-BCC8-5B76CD84FAC1}.Release|x86.Build.0 = Release|Any CPU
		{84C0AE0C-8E62-479B-B676-00B2A1DDCB7A}.Ad-Hoc|Any CPU.ActiveCfg = Debug|Any CPU
		{84C0AE0C-8E62-479B-B676-00B2A1DDCB7A}.Ad-Hoc|Any CPU.Build.0 = Debug|Any CPU
		{84C0AE0C-8E62-479B-B676-00B2A1DDCB7A}.Ad-Hoc|ARM.ActiveCfg = Debug|Any CPU
		{84C0AE0C-8E62-479B-B676-00B2A1DDCB7A}.Ad-Hoc|ARM.Build.0 = Debug|Any CPU
		{84C0AE0C-8E62-479B-B676-00B2A1DDCB7A}.Ad-Hoc|iPhone.ActiveCfg = Debug|Any CPU
		{84C0AE0C-8E62-479B-B676-00B2A1DDCB7A}.Ad-Hoc|iPhone.Build.0 = Debug|Any CPU
		{84C0AE0C-8E62-479B-B676-00B2A1DDCB7A}.Ad-Hoc|iPhoneSimulator.ActiveCfg = Debug|Any CPU
		{84C0AE0C-8E62-479B-B676-00B2A1DDCB7A}.Ad-Hoc|iPhoneSimulator.Build.0 = Debug|Any CPU
		{84C0AE0C-8E62-479B-B676-00B2A1DDCB7A}.Ad-Hoc|x64.ActiveCfg = Debug|Any CPU
		{84C0AE0C-8E62-479B-B676-00B2A1DDCB7A}.Ad-Hoc|x64.Build.0 = Debug|Any CPU
		{84C0AE0C-8E62-479B-B676-00B2A1DDCB7A}.Ad-Hoc|x86.ActiveCfg = Debug|Any CPU
		{84C0AE0C-8E62-479B-B676-00B2A1DDCB7A}.Ad-Hoc|x86.Build.0 = Debug|Any CPU
		{84C0AE0C-8E62-479B-B676-00B2A1DDCB7A}.AppStore|Any CPU.ActiveCfg = Debug|Any CPU
		{84C0AE0C-8E62-479B-B676-00B2A1DDCB7A}.AppStore|Any CPU.Build.0 = Debug|Any CPU
		{84C0AE0C-8E62-479B-B676-00B2A1DDCB7A}.AppStore|ARM.ActiveCfg = Debug|Any CPU
		{84C0AE0C-8E62-479B-B676-00B2A1DDCB7A}.AppStore|ARM.Build.0 = Debug|Any CPU
		{84C0AE0C-8E62-479B-B676-00B2A1DDCB7A}.AppStore|iPhone.ActiveCfg = Debug|Any CPU
		{84C0AE0C-8E62-479B-B676-00B2A1DDCB7A}.AppStore|iPhone.Build.0 = Debug|Any CPU
		{84C0AE0C-8E62-479B-B676-00B2A1DDCB7A}.AppStore|iPhoneSimulator.ActiveCfg = Debug|Any CPU
		{84C0AE0C-8E62-479B-B676-00B2A1DDCB7A}.AppStore|iPhoneSimulator.Build.0 = Debug|Any CPU
		{84C0AE0C-8E62-479B-B676-00B2A1DDCB7A}.AppStore|x64.ActiveCfg = Debug|Any CPU
		{84C0AE0C-8E62-479B-B676-00B2A1DDCB7A}.AppStore|x64.Build.0 = Debug|Any CPU
		{84C0AE0C-8E62-479B-B676-00B2A1DDCB7A}.AppStore|x86.ActiveCfg = Debug|Any CPU
		{84C0AE0C-8E62-479B-B676-00B2A1DDCB7A}.AppStore|x86.Build.0 = Debug|Any CPU
		{84C0AE0C-8E62-479B-B676-00B2A1DDCB7A}.Debug|Any CPU.ActiveCfg = Debug|Any CPU
		{84C0AE0C-8E62-479B-B676-00B2A1DDCB7A}.Debug|Any CPU.Build.0 = Debug|Any CPU
		{84C0AE0C-8E62-479B-B676-00B2A1DDCB7A}.Debug|ARM.ActiveCfg = Debug|Any CPU
		{84C0AE0C-8E62-479B-B676-00B2A1DDCB7A}.Debug|ARM.Build.0 = Debug|Any CPU
		{84C0AE0C-8E62-479B-B676-00B2A1DDCB7A}.Debug|iPhone.ActiveCfg = Debug|Any CPU
		{84C0AE0C-8E62-479B-B676-00B2A1DDCB7A}.Debug|iPhone.Build.0 = Debug|Any CPU
		{84C0AE0C-8E62-479B-B676-00B2A1DDCB7A}.Debug|iPhoneSimulator.ActiveCfg = Debug|Any CPU
		{84C0AE0C-8E62-479B-B676-00B2A1DDCB7A}.Debug|iPhoneSimulator.Build.0 = Debug|Any CPU
		{84C0AE0C-8E62-479B-B676-00B2A1DDCB7A}.Debug|x64.ActiveCfg = Debug|Any CPU
		{84C0AE0C-8E62-479B-B676-00B2A1DDCB7A}.Debug|x64.Build.0 = Debug|Any CPU
		{84C0AE0C-8E62-479B-B676-00B2A1DDCB7A}.Debug|x86.ActiveCfg = Debug|Any CPU
		{84C0AE0C-8E62-479B-B676-00B2A1DDCB7A}.Debug|x86.Build.0 = Debug|Any CPU
		{84C0AE0C-8E62-479B-B676-00B2A1DDCB7A}.Release|Any CPU.ActiveCfg = Release|Any CPU
		{84C0AE0C-8E62-479B-B676-00B2A1DDCB7A}.Release|Any CPU.Build.0 = Release|Any CPU
		{84C0AE0C-8E62-479B-B676-00B2A1DDCB7A}.Release|ARM.ActiveCfg = Release|Any CPU
		{84C0AE0C-8E62-479B-B676-00B2A1DDCB7A}.Release|ARM.Build.0 = Release|Any CPU
		{84C0AE0C-8E62-479B-B676-00B2A1DDCB7A}.Release|iPhone.ActiveCfg = Release|Any CPU
		{84C0AE0C-8E62-479B-B676-00B2A1DDCB7A}.Release|iPhone.Build.0 = Release|Any CPU
		{84C0AE0C-8E62-479B-B676-00B2A1DDCB7A}.Release|iPhoneSimulator.ActiveCfg = Release|Any CPU
		{84C0AE0C-8E62-479B-B676-00B2A1DDCB7A}.Release|iPhoneSimulator.Build.0 = Release|Any CPU
		{84C0AE0C-8E62-479B-B676-00B2A1DDCB7A}.Release|x64.ActiveCfg = Release|Any CPU
		{84C0AE0C-8E62-479B-B676-00B2A1DDCB7A}.Release|x64.Build.0 = Release|Any CPU
		{84C0AE0C-8E62-479B-B676-00B2A1DDCB7A}.Release|x86.ActiveCfg = Release|Any CPU
		{84C0AE0C-8E62-479B-B676-00B2A1DDCB7A}.Release|x86.Build.0 = Release|Any CPU
		{BB34E66C-C9D7-4E15-81B7-C177ECDBD37E}.Ad-Hoc|Any CPU.ActiveCfg = Debug|Any CPU
		{BB34E66C-C9D7-4E15-81B7-C177ECDBD37E}.Ad-Hoc|Any CPU.Build.0 = Debug|Any CPU
		{BB34E66C-C9D7-4E15-81B7-C177ECDBD37E}.Ad-Hoc|ARM.ActiveCfg = Debug|Any CPU
		{BB34E66C-C9D7-4E15-81B7-C177ECDBD37E}.Ad-Hoc|ARM.Build.0 = Debug|Any CPU
		{BB34E66C-C9D7-4E15-81B7-C177ECDBD37E}.Ad-Hoc|iPhone.ActiveCfg = Debug|Any CPU
		{BB34E66C-C9D7-4E15-81B7-C177ECDBD37E}.Ad-Hoc|iPhone.Build.0 = Debug|Any CPU
		{BB34E66C-C9D7-4E15-81B7-C177ECDBD37E}.Ad-Hoc|iPhoneSimulator.ActiveCfg = Debug|Any CPU
		{BB34E66C-C9D7-4E15-81B7-C177ECDBD37E}.Ad-Hoc|iPhoneSimulator.Build.0 = Debug|Any CPU
		{BB34E66C-C9D7-4E15-81B7-C177ECDBD37E}.Ad-Hoc|x64.ActiveCfg = Debug|Any CPU
		{BB34E66C-C9D7-4E15-81B7-C177ECDBD37E}.Ad-Hoc|x64.Build.0 = Debug|Any CPU
		{BB34E66C-C9D7-4E15-81B7-C177ECDBD37E}.Ad-Hoc|x86.ActiveCfg = Debug|Any CPU
		{BB34E66C-C9D7-4E15-81B7-C177ECDBD37E}.Ad-Hoc|x86.Build.0 = Debug|Any CPU
		{BB34E66C-C9D7-4E15-81B7-C177ECDBD37E}.AppStore|Any CPU.ActiveCfg = Debug|Any CPU
		{BB34E66C-C9D7-4E15-81B7-C177ECDBD37E}.AppStore|Any CPU.Build.0 = Debug|Any CPU
		{BB34E66C-C9D7-4E15-81B7-C177ECDBD37E}.AppStore|ARM.ActiveCfg = Debug|Any CPU
		{BB34E66C-C9D7-4E15-81B7-C177ECDBD37E}.AppStore|ARM.Build.0 = Debug|Any CPU
		{BB34E66C-C9D7-4E15-81B7-C177ECDBD37E}.AppStore|iPhone.ActiveCfg = Debug|Any CPU
		{BB34E66C-C9D7-4E15-81B7-C177ECDBD37E}.AppStore|iPhone.Build.0 = Debug|Any CPU
		{BB34E66C-C9D7-4E15-81B7-C177ECDBD37E}.AppStore|iPhoneSimulator.ActiveCfg = Debug|Any CPU
		{BB34E66C-C9D7-4E15-81B7-C177ECDBD37E}.AppStore|iPhoneSimulator.Build.0 = Debug|Any CPU
		{BB34E66C-C9D7-4E15-81B7-C177ECDBD37E}.AppStore|x64.ActiveCfg = Debug|Any CPU
		{BB34E66C-C9D7-4E15-81B7-C177ECDBD37E}.AppStore|x64.Build.0 = Debug|Any CPU
		{BB34E66C-C9D7-4E15-81B7-C177ECDBD37E}.AppStore|x86.ActiveCfg = Debug|Any CPU
		{BB34E66C-C9D7-4E15-81B7-C177ECDBD37E}.AppStore|x86.Build.0 = Debug|Any CPU
		{BB34E66C-C9D7-4E15-81B7-C177ECDBD37E}.Debug|Any CPU.ActiveCfg = Debug|Any CPU
		{BB34E66C-C9D7-4E15-81B7-C177ECDBD37E}.Debug|Any CPU.Build.0 = Debug|Any CPU
		{BB34E66C-C9D7-4E15-81B7-C177ECDBD37E}.Debug|ARM.ActiveCfg = Debug|Any CPU
		{BB34E66C-C9D7-4E15-81B7-C177ECDBD37E}.Debug|ARM.Build.0 = Debug|Any CPU
		{BB34E66C-C9D7-4E15-81B7-C177ECDBD37E}.Debug|iPhone.ActiveCfg = Debug|Any CPU
		{BB34E66C-C9D7-4E15-81B7-C177ECDBD37E}.Debug|iPhone.Build.0 = Debug|Any CPU
		{BB34E66C-C9D7-4E15-81B7-C177ECDBD37E}.Debug|iPhoneSimulator.ActiveCfg = Debug|Any CPU
		{BB34E66C-C9D7-4E15-81B7-C177ECDBD37E}.Debug|iPhoneSimulator.Build.0 = Debug|Any CPU
		{BB34E66C-C9D7-4E15-81B7-C177ECDBD37E}.Debug|x64.ActiveCfg = Debug|Any CPU
		{BB34E66C-C9D7-4E15-81B7-C177ECDBD37E}.Debug|x64.Build.0 = Debug|Any CPU
		{BB34E66C-C9D7-4E15-81B7-C177ECDBD37E}.Debug|x86.ActiveCfg = Debug|Any CPU
		{BB34E66C-C9D7-4E15-81B7-C177ECDBD37E}.Debug|x86.Build.0 = Debug|Any CPU
		{BB34E66C-C9D7-4E15-81B7-C177ECDBD37E}.Release|Any CPU.ActiveCfg = Release|Any CPU
		{BB34E66C-C9D7-4E15-81B7-C177ECDBD37E}.Release|Any CPU.Build.0 = Release|Any CPU
		{BB34E66C-C9D7-4E15-81B7-C177ECDBD37E}.Release|ARM.ActiveCfg = Release|Any CPU
		{BB34E66C-C9D7-4E15-81B7-C177ECDBD37E}.Release|ARM.Build.0 = Release|Any CPU
		{BB34E66C-C9D7-4E15-81B7-C177ECDBD37E}.Release|iPhone.ActiveCfg = Release|Any CPU
		{BB34E66C-C9D7-4E15-81B7-C177ECDBD37E}.Release|iPhone.Build.0 = Release|Any CPU
		{BB34E66C-C9D7-4E15-81B7-C177ECDBD37E}.Release|iPhoneSimulator.ActiveCfg = Release|Any CPU
		{BB34E66C-C9D7-4E15-81B7-C177ECDBD37E}.Release|iPhoneSimulator.Build.0 = Release|Any CPU
		{BB34E66C-C9D7-4E15-81B7-C177ECDBD37E}.Release|x64.ActiveCfg = Release|Any CPU
		{BB34E66C-C9D7-4E15-81B7-C177ECDBD37E}.Release|x64.Build.0 = Release|Any CPU
		{BB34E66C-C9D7-4E15-81B7-C177ECDBD37E}.Release|x86.ActiveCfg = Release|Any CPU
		{BB34E66C-C9D7-4E15-81B7-C177ECDBD37E}.Release|x86.Build.0 = Release|Any CPU
		{7E95D4E4-7B73-4BCE-A53D-17806AF38246}.Ad-Hoc|Any CPU.ActiveCfg = Debug|Any CPU
		{7E95D4E4-7B73-4BCE-A53D-17806AF38246}.Ad-Hoc|Any CPU.Build.0 = Debug|Any CPU
		{7E95D4E4-7B73-4BCE-A53D-17806AF38246}.Ad-Hoc|ARM.ActiveCfg = Debug|Any CPU
		{7E95D4E4-7B73-4BCE-A53D-17806AF38246}.Ad-Hoc|ARM.Build.0 = Debug|Any CPU
		{7E95D4E4-7B73-4BCE-A53D-17806AF38246}.Ad-Hoc|iPhone.ActiveCfg = Debug|Any CPU
		{7E95D4E4-7B73-4BCE-A53D-17806AF38246}.Ad-Hoc|iPhone.Build.0 = Debug|Any CPU
		{7E95D4E4-7B73-4BCE-A53D-17806AF38246}.Ad-Hoc|iPhoneSimulator.ActiveCfg = Debug|Any CPU
		{7E95D4E4-7B73-4BCE-A53D-17806AF38246}.Ad-Hoc|iPhoneSimulator.Build.0 = Debug|Any CPU
		{7E95D4E4-7B73-4BCE-A53D-17806AF38246}.Ad-Hoc|x64.ActiveCfg = Debug|Any CPU
		{7E95D4E4-7B73-4BCE-A53D-17806AF38246}.Ad-Hoc|x64.Build.0 = Debug|Any CPU
		{7E95D4E4-7B73-4BCE-A53D-17806AF38246}.Ad-Hoc|x86.ActiveCfg = Debug|Any CPU
		{7E95D4E4-7B73-4BCE-A53D-17806AF38246}.Ad-Hoc|x86.Build.0 = Debug|Any CPU
		{7E95D4E4-7B73-4BCE-A53D-17806AF38246}.AppStore|Any CPU.ActiveCfg = Debug|Any CPU
		{7E95D4E4-7B73-4BCE-A53D-17806AF38246}.AppStore|Any CPU.Build.0 = Debug|Any CPU
		{7E95D4E4-7B73-4BCE-A53D-17806AF38246}.AppStore|ARM.ActiveCfg = Debug|Any CPU
		{7E95D4E4-7B73-4BCE-A53D-17806AF38246}.AppStore|ARM.Build.0 = Debug|Any CPU
		{7E95D4E4-7B73-4BCE-A53D-17806AF38246}.AppStore|iPhone.ActiveCfg = Debug|Any CPU
		{7E95D4E4-7B73-4BCE-A53D-17806AF38246}.AppStore|iPhone.Build.0 = Debug|Any CPU
		{7E95D4E4-7B73-4BCE-A53D-17806AF38246}.AppStore|iPhoneSimulator.ActiveCfg = Debug|Any CPU
		{7E95D4E4-7B73-4BCE-A53D-17806AF38246}.AppStore|iPhoneSimulator.Build.0 = Debug|Any CPU
		{7E95D4E4-7B73-4BCE-A53D-17806AF38246}.AppStore|x64.ActiveCfg = Debug|Any CPU
		{7E95D4E4-7B73-4BCE-A53D-17806AF38246}.AppStore|x64.Build.0 = Debug|Any CPU
		{7E95D4E4-7B73-4BCE-A53D-17806AF38246}.AppStore|x86.ActiveCfg = Debug|Any CPU
		{7E95D4E4-7B73-4BCE-A53D-17806AF38246}.AppStore|x86.Build.0 = Debug|Any CPU
		{7E95D4E4-7B73-4BCE-A53D-17806AF38246}.Debug|Any CPU.ActiveCfg = Debug|Any CPU
		{7E95D4E4-7B73-4BCE-A53D-17806AF38246}.Debug|Any CPU.Build.0 = Debug|Any CPU
		{7E95D4E4-7B73-4BCE-A53D-17806AF38246}.Debug|ARM.ActiveCfg = Debug|Any CPU
		{7E95D4E4-7B73-4BCE-A53D-17806AF38246}.Debug|ARM.Build.0 = Debug|Any CPU
		{7E95D4E4-7B73-4BCE-A53D-17806AF38246}.Debug|iPhone.ActiveCfg = Debug|Any CPU
		{7E95D4E4-7B73-4BCE-A53D-17806AF38246}.Debug|iPhone.Build.0 = Debug|Any CPU
		{7E95D4E4-7B73-4BCE-A53D-17806AF38246}.Debug|iPhoneSimulator.ActiveCfg = Debug|Any CPU
		{7E95D4E4-7B73-4BCE-A53D-17806AF38246}.Debug|iPhoneSimulator.Build.0 = Debug|Any CPU
		{7E95D4E4-7B73-4BCE-A53D-17806AF38246}.Debug|x64.ActiveCfg = Debug|Any CPU
		{7E95D4E4-7B73-4BCE-A53D-17806AF38246}.Debug|x64.Build.0 = Debug|Any CPU
		{7E95D4E4-7B73-4BCE-A53D-17806AF38246}.Debug|x86.ActiveCfg = Debug|Any CPU
		{7E95D4E4-7B73-4BCE-A53D-17806AF38246}.Debug|x86.Build.0 = Debug|Any CPU
		{7E95D4E4-7B73-4BCE-A53D-17806AF38246}.Release|Any CPU.ActiveCfg = Release|Any CPU
		{7E95D4E4-7B73-4BCE-A53D-17806AF38246}.Release|Any CPU.Build.0 = Release|Any CPU
		{7E95D4E4-7B73-4BCE-A53D-17806AF38246}.Release|ARM.ActiveCfg = Release|Any CPU
		{7E95D4E4-7B73-4BCE-A53D-17806AF38246}.Release|ARM.Build.0 = Release|Any CPU
		{7E95D4E4-7B73-4BCE-A53D-17806AF38246}.Release|iPhone.ActiveCfg = Release|Any CPU
		{7E95D4E4-7B73-4BCE-A53D-17806AF38246}.Release|iPhone.Build.0 = Release|Any CPU
		{7E95D4E4-7B73-4BCE-A53D-17806AF38246}.Release|iPhoneSimulator.ActiveCfg = Release|Any CPU
		{7E95D4E4-7B73-4BCE-A53D-17806AF38246}.Release|iPhoneSimulator.Build.0 = Release|Any CPU
		{7E95D4E4-7B73-4BCE-A53D-17806AF38246}.Release|x64.ActiveCfg = Release|Any CPU
		{7E95D4E4-7B73-4BCE-A53D-17806AF38246}.Release|x64.Build.0 = Release|Any CPU
		{7E95D4E4-7B73-4BCE-A53D-17806AF38246}.Release|x86.ActiveCfg = Release|Any CPU
		{7E95D4E4-7B73-4BCE-A53D-17806AF38246}.Release|x86.Build.0 = Release|Any CPU
		{A874AD3B-5AE9-4789-B510-7192C84008AE}.Ad-Hoc|Any CPU.ActiveCfg = Debug|Any CPU
		{A874AD3B-5AE9-4789-B510-7192C84008AE}.Ad-Hoc|Any CPU.Build.0 = Debug|Any CPU
		{A874AD3B-5AE9-4789-B510-7192C84008AE}.Ad-Hoc|ARM.ActiveCfg = Debug|Any CPU
		{A874AD3B-5AE9-4789-B510-7192C84008AE}.Ad-Hoc|ARM.Build.0 = Debug|Any CPU
		{A874AD3B-5AE9-4789-B510-7192C84008AE}.Ad-Hoc|iPhone.ActiveCfg = Debug|Any CPU
		{A874AD3B-5AE9-4789-B510-7192C84008AE}.Ad-Hoc|iPhone.Build.0 = Debug|Any CPU
		{A874AD3B-5AE9-4789-B510-7192C84008AE}.Ad-Hoc|iPhoneSimulator.ActiveCfg = Debug|Any CPU
		{A874AD3B-5AE9-4789-B510-7192C84008AE}.Ad-Hoc|iPhoneSimulator.Build.0 = Debug|Any CPU
		{A874AD3B-5AE9-4789-B510-7192C84008AE}.Ad-Hoc|x64.ActiveCfg = Debug|Any CPU
		{A874AD3B-5AE9-4789-B510-7192C84008AE}.Ad-Hoc|x64.Build.0 = Debug|Any CPU
		{A874AD3B-5AE9-4789-B510-7192C84008AE}.Ad-Hoc|x86.ActiveCfg = Debug|Any CPU
		{A874AD3B-5AE9-4789-B510-7192C84008AE}.Ad-Hoc|x86.Build.0 = Debug|Any CPU
		{A874AD3B-5AE9-4789-B510-7192C84008AE}.AppStore|Any CPU.ActiveCfg = Debug|Any CPU
		{A874AD3B-5AE9-4789-B510-7192C84008AE}.AppStore|Any CPU.Build.0 = Debug|Any CPU
		{A874AD3B-5AE9-4789-B510-7192C84008AE}.AppStore|ARM.ActiveCfg = Debug|Any CPU
		{A874AD3B-5AE9-4789-B510-7192C84008AE}.AppStore|ARM.Build.0 = Debug|Any CPU
		{A874AD3B-5AE9-4789-B510-7192C84008AE}.AppStore|iPhone.ActiveCfg = Debug|Any CPU
		{A874AD3B-5AE9-4789-B510-7192C84008AE}.AppStore|iPhone.Build.0 = Debug|Any CPU
		{A874AD3B-5AE9-4789-B510-7192C84008AE}.AppStore|iPhoneSimulator.ActiveCfg = Debug|Any CPU
		{A874AD3B-5AE9-4789-B510-7192C84008AE}.AppStore|iPhoneSimulator.Build.0 = Debug|Any CPU
		{A874AD3B-5AE9-4789-B510-7192C84008AE}.AppStore|x64.ActiveCfg = Debug|Any CPU
		{A874AD3B-5AE9-4789-B510-7192C84008AE}.AppStore|x64.Build.0 = Debug|Any CPU
		{A874AD3B-5AE9-4789-B510-7192C84008AE}.AppStore|x86.ActiveCfg = Debug|Any CPU
		{A874AD3B-5AE9-4789-B510-7192C84008AE}.AppStore|x86.Build.0 = Debug|Any CPU
		{A874AD3B-5AE9-4789-B510-7192C84008AE}.Debug|Any CPU.ActiveCfg = Debug|Any CPU
		{A874AD3B-5AE9-4789-B510-7192C84008AE}.Debug|Any CPU.Build.0 = Debug|Any CPU
		{A874AD3B-5AE9-4789-B510-7192C84008AE}.Debug|ARM.ActiveCfg = Debug|Any CPU
		{A874AD3B-5AE9-4789-B510-7192C84008AE}.Debug|ARM.Build.0 = Debug|Any CPU
		{A874AD3B-5AE9-4789-B510-7192C84008AE}.Debug|iPhone.ActiveCfg = Debug|Any CPU
		{A874AD3B-5AE9-4789-B510-7192C84008AE}.Debug|iPhone.Build.0 = Debug|Any CPU
		{A874AD3B-5AE9-4789-B510-7192C84008AE}.Debug|iPhoneSimulator.ActiveCfg = Debug|Any CPU
		{A874AD3B-5AE9-4789-B510-7192C84008AE}.Debug|iPhoneSimulator.Build.0 = Debug|Any CPU
		{A874AD3B-5AE9-4789-B510-7192C84008AE}.Debug|x64.ActiveCfg = Debug|Any CPU
		{A874AD3B-5AE9-4789-B510-7192C84008AE}.Debug|x64.Build.0 = Debug|Any CPU
		{A874AD3B-5AE9-4789-B510-7192C84008AE}.Debug|x86.ActiveCfg = Debug|Any CPU
		{A874AD3B-5AE9-4789-B510-7192C84008AE}.Debug|x86.Build.0 = Debug|Any CPU
		{A874AD3B-5AE9-4789-B510-7192C84008AE}.Release|Any CPU.ActiveCfg = Release|Any CPU
		{A874AD3B-5AE9-4789-B510-7192C84008AE}.Release|Any CPU.Build.0 = Release|Any CPU
		{A874AD3B-5AE9-4789-B510-7192C84008AE}.Release|ARM.ActiveCfg = Release|Any CPU
		{A874AD3B-5AE9-4789-B510-7192C84008AE}.Release|ARM.Build.0 = Release|Any CPU
		{A874AD3B-5AE9-4789-B510-7192C84008AE}.Release|iPhone.ActiveCfg = Release|Any CPU
		{A874AD3B-5AE9-4789-B510-7192C84008AE}.Release|iPhone.Build.0 = Release|Any CPU
		{A874AD3B-5AE9-4789-B510-7192C84008AE}.Release|iPhoneSimulator.ActiveCfg = Release|Any CPU
		{A874AD3B-5AE9-4789-B510-7192C84008AE}.Release|iPhoneSimulator.Build.0 = Release|Any CPU
		{A874AD3B-5AE9-4789-B510-7192C84008AE}.Release|x64.ActiveCfg = Release|Any CPU
		{A874AD3B-5AE9-4789-B510-7192C84008AE}.Release|x64.Build.0 = Release|Any CPU
		{A874AD3B-5AE9-4789-B510-7192C84008AE}.Release|x86.ActiveCfg = Release|Any CPU
		{A874AD3B-5AE9-4789-B510-7192C84008AE}.Release|x86.Build.0 = Release|Any CPU
		{A82E7B56-F041-4C97-B467-6A81909D0E8A}.Ad-Hoc|Any CPU.ActiveCfg = Debug|Any CPU
		{A82E7B56-F041-4C97-B467-6A81909D0E8A}.Ad-Hoc|Any CPU.Build.0 = Debug|Any CPU
		{A82E7B56-F041-4C97-B467-6A81909D0E8A}.Ad-Hoc|ARM.ActiveCfg = Debug|Any CPU
		{A82E7B56-F041-4C97-B467-6A81909D0E8A}.Ad-Hoc|ARM.Build.0 = Debug|Any CPU
		{A82E7B56-F041-4C97-B467-6A81909D0E8A}.Ad-Hoc|iPhone.ActiveCfg = Debug|Any CPU
		{A82E7B56-F041-4C97-B467-6A81909D0E8A}.Ad-Hoc|iPhone.Build.0 = Debug|Any CPU
		{A82E7B56-F041-4C97-B467-6A81909D0E8A}.Ad-Hoc|iPhoneSimulator.ActiveCfg = Debug|Any CPU
		{A82E7B56-F041-4C97-B467-6A81909D0E8A}.Ad-Hoc|iPhoneSimulator.Build.0 = Debug|Any CPU
		{A82E7B56-F041-4C97-B467-6A81909D0E8A}.Ad-Hoc|x64.ActiveCfg = Debug|Any CPU
		{A82E7B56-F041-4C97-B467-6A81909D0E8A}.Ad-Hoc|x64.Build.0 = Debug|Any CPU
		{A82E7B56-F041-4C97-B467-6A81909D0E8A}.Ad-Hoc|x86.ActiveCfg = Debug|Any CPU
		{A82E7B56-F041-4C97-B467-6A81909D0E8A}.Ad-Hoc|x86.Build.0 = Debug|Any CPU
		{A82E7B56-F041-4C97-B467-6A81909D0E8A}.AppStore|Any CPU.ActiveCfg = Debug|Any CPU
		{A82E7B56-F041-4C97-B467-6A81909D0E8A}.AppStore|Any CPU.Build.0 = Debug|Any CPU
		{A82E7B56-F041-4C97-B467-6A81909D0E8A}.AppStore|ARM.ActiveCfg = Debug|Any CPU
		{A82E7B56-F041-4C97-B467-6A81909D0E8A}.AppStore|ARM.Build.0 = Debug|Any CPU
		{A82E7B56-F041-4C97-B467-6A81909D0E8A}.AppStore|iPhone.ActiveCfg = Debug|Any CPU
		{A82E7B56-F041-4C97-B467-6A81909D0E8A}.AppStore|iPhone.Build.0 = Debug|Any CPU
		{A82E7B56-F041-4C97-B467-6A81909D0E8A}.AppStore|iPhoneSimulator.ActiveCfg = Debug|Any CPU
		{A82E7B56-F041-4C97-B467-6A81909D0E8A}.AppStore|iPhoneSimulator.Build.0 = Debug|Any CPU
		{A82E7B56-F041-4C97-B467-6A81909D0E8A}.AppStore|x64.ActiveCfg = Debug|Any CPU
		{A82E7B56-F041-4C97-B467-6A81909D0E8A}.AppStore|x64.Build.0 = Debug|Any CPU
		{A82E7B56-F041-4C97-B467-6A81909D0E8A}.AppStore|x86.ActiveCfg = Debug|Any CPU
		{A82E7B56-F041-4C97-B467-6A81909D0E8A}.AppStore|x86.Build.0 = Debug|Any CPU
		{A82E7B56-F041-4C97-B467-6A81909D0E8A}.Debug|Any CPU.ActiveCfg = Debug|Any CPU
		{A82E7B56-F041-4C97-B467-6A81909D0E8A}.Debug|Any CPU.Build.0 = Debug|Any CPU
		{A82E7B56-F041-4C97-B467-6A81909D0E8A}.Debug|ARM.ActiveCfg = Debug|Any CPU
		{A82E7B56-F041-4C97-B467-6A81909D0E8A}.Debug|ARM.Build.0 = Debug|Any CPU
		{A82E7B56-F041-4C97-B467-6A81909D0E8A}.Debug|iPhone.ActiveCfg = Debug|Any CPU
		{A82E7B56-F041-4C97-B467-6A81909D0E8A}.Debug|iPhone.Build.0 = Debug|Any CPU
		{A82E7B56-F041-4C97-B467-6A81909D0E8A}.Debug|iPhoneSimulator.ActiveCfg = Debug|Any CPU
		{A82E7B56-F041-4C97-B467-6A81909D0E8A}.Debug|iPhoneSimulator.Build.0 = Debug|Any CPU
		{A82E7B56-F041-4C97-B467-6A81909D0E8A}.Debug|x64.ActiveCfg = Debug|Any CPU
		{A82E7B56-F041-4C97-B467-6A81909D0E8A}.Debug|x64.Build.0 = Debug|Any CPU
		{A82E7B56-F041-4C97-B467-6A81909D0E8A}.Debug|x86.ActiveCfg = Debug|Any CPU
		{A82E7B56-F041-4C97-B467-6A81909D0E8A}.Debug|x86.Build.0 = Debug|Any CPU
		{A82E7B56-F041-4C97-B467-6A81909D0E8A}.Release|Any CPU.ActiveCfg = Release|Any CPU
		{A82E7B56-F041-4C97-B467-6A81909D0E8A}.Release|Any CPU.Build.0 = Release|Any CPU
		{A82E7B56-F041-4C97-B467-6A81909D0E8A}.Release|ARM.ActiveCfg = Release|Any CPU
		{A82E7B56-F041-4C97-B467-6A81909D0E8A}.Release|ARM.Build.0 = Release|Any CPU
		{A82E7B56-F041-4C97-B467-6A81909D0E8A}.Release|iPhone.ActiveCfg = Release|Any CPU
		{A82E7B56-F041-4C97-B467-6A81909D0E8A}.Release|iPhone.Build.0 = Release|Any CPU
		{A82E7B56-F041-4C97-B467-6A81909D0E8A}.Release|iPhoneSimulator.ActiveCfg = Release|Any CPU
		{A82E7B56-F041-4C97-B467-6A81909D0E8A}.Release|iPhoneSimulator.Build.0 = Release|Any CPU
		{A82E7B56-F041-4C97-B467-6A81909D0E8A}.Release|x64.ActiveCfg = Release|Any CPU
		{A82E7B56-F041-4C97-B467-6A81909D0E8A}.Release|x64.Build.0 = Release|Any CPU
		{A82E7B56-F041-4C97-B467-6A81909D0E8A}.Release|x86.ActiveCfg = Release|Any CPU
		{A82E7B56-F041-4C97-B467-6A81909D0E8A}.Release|x86.Build.0 = Release|Any CPU
		{39F34AB7-FAC4-4285-A978-B13848623E34}.Ad-Hoc|Any CPU.ActiveCfg = Debug|Any CPU
		{39F34AB7-FAC4-4285-A978-B13848623E34}.Ad-Hoc|Any CPU.Build.0 = Debug|Any CPU
		{39F34AB7-FAC4-4285-A978-B13848623E34}.Ad-Hoc|ARM.ActiveCfg = Debug|Any CPU
		{39F34AB7-FAC4-4285-A978-B13848623E34}.Ad-Hoc|ARM.Build.0 = Debug|Any CPU
		{39F34AB7-FAC4-4285-A978-B13848623E34}.Ad-Hoc|iPhone.ActiveCfg = Debug|Any CPU
		{39F34AB7-FAC4-4285-A978-B13848623E34}.Ad-Hoc|iPhone.Build.0 = Debug|Any CPU
		{39F34AB7-FAC4-4285-A978-B13848623E34}.Ad-Hoc|iPhoneSimulator.ActiveCfg = Debug|Any CPU
		{39F34AB7-FAC4-4285-A978-B13848623E34}.Ad-Hoc|iPhoneSimulator.Build.0 = Debug|Any CPU
		{39F34AB7-FAC4-4285-A978-B13848623E34}.Ad-Hoc|x64.ActiveCfg = Debug|Any CPU
		{39F34AB7-FAC4-4285-A978-B13848623E34}.Ad-Hoc|x64.Build.0 = Debug|Any CPU
		{39F34AB7-FAC4-4285-A978-B13848623E34}.Ad-Hoc|x86.ActiveCfg = Debug|Any CPU
		{39F34AB7-FAC4-4285-A978-B13848623E34}.Ad-Hoc|x86.Build.0 = Debug|Any CPU
		{39F34AB7-FAC4-4285-A978-B13848623E34}.AppStore|Any CPU.ActiveCfg = Debug|Any CPU
		{39F34AB7-FAC4-4285-A978-B13848623E34}.AppStore|Any CPU.Build.0 = Debug|Any CPU
		{39F34AB7-FAC4-4285-A978-B13848623E34}.AppStore|ARM.ActiveCfg = Debug|Any CPU
		{39F34AB7-FAC4-4285-A978-B13848623E34}.AppStore|ARM.Build.0 = Debug|Any CPU
		{39F34AB7-FAC4-4285-A978-B13848623E34}.AppStore|iPhone.ActiveCfg = Debug|Any CPU
		{39F34AB7-FAC4-4285-A978-B13848623E34}.AppStore|iPhone.Build.0 = Debug|Any CPU
		{39F34AB7-FAC4-4285-A978-B13848623E34}.AppStore|iPhoneSimulator.ActiveCfg = Debug|Any CPU
		{39F34AB7-FAC4-4285-A978-B13848623E34}.AppStore|iPhoneSimulator.Build.0 = Debug|Any CPU
		{39F34AB7-FAC4-4285-A978-B13848623E34}.AppStore|x64.ActiveCfg = Debug|Any CPU
		{39F34AB7-FAC4-4285-A978-B13848623E34}.AppStore|x64.Build.0 = Debug|Any CPU
		{39F34AB7-FAC4-4285-A978-B13848623E34}.AppStore|x86.ActiveCfg = Debug|Any CPU
		{39F34AB7-FAC4-4285-A978-B13848623E34}.AppStore|x86.Build.0 = Debug|Any CPU
		{39F34AB7-FAC4-4285-A978-B13848623E34}.Debug|Any CPU.ActiveCfg = Debug|Any CPU
		{39F34AB7-FAC4-4285-A978-B13848623E34}.Debug|Any CPU.Build.0 = Debug|Any CPU
		{39F34AB7-FAC4-4285-A978-B13848623E34}.Debug|ARM.ActiveCfg = Debug|Any CPU
		{39F34AB7-FAC4-4285-A978-B13848623E34}.Debug|ARM.Build.0 = Debug|Any CPU
		{39F34AB7-FAC4-4285-A978-B13848623E34}.Debug|iPhone.ActiveCfg = Debug|Any CPU
		{39F34AB7-FAC4-4285-A978-B13848623E34}.Debug|iPhone.Build.0 = Debug|Any CPU
		{39F34AB7-FAC4-4285-A978-B13848623E34}.Debug|iPhoneSimulator.ActiveCfg = Debug|Any CPU
		{39F34AB7-FAC4-4285-A978-B13848623E34}.Debug|iPhoneSimulator.Build.0 = Debug|Any CPU
		{39F34AB7-FAC4-4285-A978-B13848623E34}.Debug|x64.ActiveCfg = Debug|Any CPU
		{39F34AB7-FAC4-4285-A978-B13848623E34}.Debug|x64.Build.0 = Debug|Any CPU
		{39F34AB7-FAC4-4285-A978-B13848623E34}.Debug|x86.ActiveCfg = Debug|Any CPU
		{39F34AB7-FAC4-4285-A978-B13848623E34}.Debug|x86.Build.0 = Debug|Any CPU
		{39F34AB7-FAC4-4285-A978-B13848623E34}.Release|Any CPU.ActiveCfg = Release|Any CPU
		{39F34AB7-FAC4-4285-A978-B13848623E34}.Release|Any CPU.Build.0 = Release|Any CPU
		{39F34AB7-FAC4-4285-A978-B13848623E34}.Release|ARM.ActiveCfg = Release|Any CPU
		{39F34AB7-FAC4-4285-A978-B13848623E34}.Release|ARM.Build.0 = Release|Any CPU
		{39F34AB7-FAC4-4285-A978-B13848623E34}.Release|iPhone.ActiveCfg = Release|Any CPU
		{39F34AB7-FAC4-4285-A978-B13848623E34}.Release|iPhone.Build.0 = Release|Any CPU
		{39F34AB7-FAC4-4285-A978-B13848623E34}.Release|iPhoneSimulator.ActiveCfg = Release|Any CPU
		{39F34AB7-FAC4-4285-A978-B13848623E34}.Release|iPhoneSimulator.Build.0 = Release|Any CPU
		{39F34AB7-FAC4-4285-A978-B13848623E34}.Release|x64.ActiveCfg = Release|Any CPU
		{39F34AB7-FAC4-4285-A978-B13848623E34}.Release|x64.Build.0 = Release|Any CPU
		{39F34AB7-FAC4-4285-A978-B13848623E34}.Release|x86.ActiveCfg = Release|Any CPU
		{39F34AB7-FAC4-4285-A978-B13848623E34}.Release|x86.Build.0 = Release|Any CPU
		{4D82CD7E-AFA8-4CE6-8A5F-A3A658A3C53B}.Ad-Hoc|Any CPU.ActiveCfg = Debug|Any CPU
		{4D82CD7E-AFA8-4CE6-8A5F-A3A658A3C53B}.Ad-Hoc|Any CPU.Build.0 = Debug|Any CPU
		{4D82CD7E-AFA8-4CE6-8A5F-A3A658A3C53B}.Ad-Hoc|ARM.ActiveCfg = Debug|Any CPU
		{4D82CD7E-AFA8-4CE6-8A5F-A3A658A3C53B}.Ad-Hoc|ARM.Build.0 = Debug|Any CPU
		{4D82CD7E-AFA8-4CE6-8A5F-A3A658A3C53B}.Ad-Hoc|iPhone.ActiveCfg = Debug|Any CPU
		{4D82CD7E-AFA8-4CE6-8A5F-A3A658A3C53B}.Ad-Hoc|iPhone.Build.0 = Debug|Any CPU
		{4D82CD7E-AFA8-4CE6-8A5F-A3A658A3C53B}.Ad-Hoc|iPhoneSimulator.ActiveCfg = Debug|Any CPU
		{4D82CD7E-AFA8-4CE6-8A5F-A3A658A3C53B}.Ad-Hoc|iPhoneSimulator.Build.0 = Debug|Any CPU
		{4D82CD7E-AFA8-4CE6-8A5F-A3A658A3C53B}.Ad-Hoc|x64.ActiveCfg = Debug|Any CPU
		{4D82CD7E-AFA8-4CE6-8A5F-A3A658A3C53B}.Ad-Hoc|x64.Build.0 = Debug|Any CPU
		{4D82CD7E-AFA8-4CE6-8A5F-A3A658A3C53B}.Ad-Hoc|x86.ActiveCfg = Debug|Any CPU
		{4D82CD7E-AFA8-4CE6-8A5F-A3A658A3C53B}.Ad-Hoc|x86.Build.0 = Debug|Any CPU
		{4D82CD7E-AFA8-4CE6-8A5F-A3A658A3C53B}.AppStore|Any CPU.ActiveCfg = Debug|Any CPU
		{4D82CD7E-AFA8-4CE6-8A5F-A3A658A3C53B}.AppStore|Any CPU.Build.0 = Debug|Any CPU
		{4D82CD7E-AFA8-4CE6-8A5F-A3A658A3C53B}.AppStore|ARM.ActiveCfg = Debug|Any CPU
		{4D82CD7E-AFA8-4CE6-8A5F-A3A658A3C53B}.AppStore|ARM.Build.0 = Debug|Any CPU
		{4D82CD7E-AFA8-4CE6-8A5F-A3A658A3C53B}.AppStore|iPhone.ActiveCfg = Debug|Any CPU
		{4D82CD7E-AFA8-4CE6-8A5F-A3A658A3C53B}.AppStore|iPhone.Build.0 = Debug|Any CPU
		{4D82CD7E-AFA8-4CE6-8A5F-A3A658A3C53B}.AppStore|iPhoneSimulator.ActiveCfg = Debug|Any CPU
		{4D82CD7E-AFA8-4CE6-8A5F-A3A658A3C53B}.AppStore|iPhoneSimulator.Build.0 = Debug|Any CPU
		{4D82CD7E-AFA8-4CE6-8A5F-A3A658A3C53B}.AppStore|x64.ActiveCfg = Debug|Any CPU
		{4D82CD7E-AFA8-4CE6-8A5F-A3A658A3C53B}.AppStore|x64.Build.0 = Debug|Any CPU
		{4D82CD7E-AFA8-4CE6-8A5F-A3A658A3C53B}.AppStore|x86.ActiveCfg = Debug|Any CPU
		{4D82CD7E-AFA8-4CE6-8A5F-A3A658A3C53B}.AppStore|x86.Build.0 = Debug|Any CPU
		{4D82CD7E-AFA8-4CE6-8A5F-A3A658A3C53B}.Debug|Any CPU.ActiveCfg = Debug|Any CPU
		{4D82CD7E-AFA8-4CE6-8A5F-A3A658A3C53B}.Debug|Any CPU.Build.0 = Debug|Any CPU
		{4D82CD7E-AFA8-4CE6-8A5F-A3A658A3C53B}.Debug|ARM.ActiveCfg = Debug|Any CPU
		{4D82CD7E-AFA8-4CE6-8A5F-A3A658A3C53B}.Debug|ARM.Build.0 = Debug|Any CPU
		{4D82CD7E-AFA8-4CE6-8A5F-A3A658A3C53B}.Debug|iPhone.ActiveCfg = Debug|Any CPU
		{4D82CD7E-AFA8-4CE6-8A5F-A3A658A3C53B}.Debug|iPhone.Build.0 = Debug|Any CPU
		{4D82CD7E-AFA8-4CE6-8A5F-A3A658A3C53B}.Debug|iPhoneSimulator.ActiveCfg = Debug|Any CPU
		{4D82CD7E-AFA8-4CE6-8A5F-A3A658A3C53B}.Debug|iPhoneSimulator.Build.0 = Debug|Any CPU
		{4D82CD7E-AFA8-4CE6-8A5F-A3A658A3C53B}.Debug|x64.ActiveCfg = Debug|Any CPU
		{4D82CD7E-AFA8-4CE6-8A5F-A3A658A3C53B}.Debug|x64.Build.0 = Debug|Any CPU
		{4D82CD7E-AFA8-4CE6-8A5F-A3A658A3C53B}.Debug|x86.ActiveCfg = Debug|Any CPU
		{4D82CD7E-AFA8-4CE6-8A5F-A3A658A3C53B}.Debug|x86.Build.0 = Debug|Any CPU
		{4D82CD7E-AFA8-4CE6-8A5F-A3A658A3C53B}.Release|Any CPU.ActiveCfg = Release|Any CPU
		{4D82CD7E-AFA8-4CE6-8A5F-A3A658A3C53B}.Release|Any CPU.Build.0 = Release|Any CPU
		{4D82CD7E-AFA8-4CE6-8A5F-A3A658A3C53B}.Release|ARM.ActiveCfg = Release|Any CPU
		{4D82CD7E-AFA8-4CE6-8A5F-A3A658A3C53B}.Release|ARM.Build.0 = Release|Any CPU
		{4D82CD7E-AFA8-4CE6-8A5F-A3A658A3C53B}.Release|iPhone.ActiveCfg = Release|Any CPU
		{4D82CD7E-AFA8-4CE6-8A5F-A3A658A3C53B}.Release|iPhone.Build.0 = Release|Any CPU
		{4D82CD7E-AFA8-4CE6-8A5F-A3A658A3C53B}.Release|iPhoneSimulator.ActiveCfg = Release|Any CPU
		{4D82CD7E-AFA8-4CE6-8A5F-A3A658A3C53B}.Release|iPhoneSimulator.Build.0 = Release|Any CPU
		{4D82CD7E-AFA8-4CE6-8A5F-A3A658A3C53B}.Release|x64.ActiveCfg = Release|Any CPU
		{4D82CD7E-AFA8-4CE6-8A5F-A3A658A3C53B}.Release|x64.Build.0 = Release|Any CPU
		{4D82CD7E-AFA8-4CE6-8A5F-A3A658A3C53B}.Release|x86.ActiveCfg = Release|Any CPU
		{4D82CD7E-AFA8-4CE6-8A5F-A3A658A3C53B}.Release|x86.Build.0 = Release|Any CPU
	EndGlobalSection
	GlobalSection(SolutionProperties) = preSolution
		HideSolutionNode = FALSE
	EndGlobalSection
	GlobalSection(ExtensibilityGlobals) = postSolution
		SolutionGuid = {E722138E-081C-4EF9-8CC8-1E4783EA7231}
	EndGlobalSection
EndGlobal
